
Microsoft Visual Studio Solution File, Format Version 12.00
# Visual Studio Version 16
VisualStudioVersion = 16.0.29806.167
MinimumVisualStudioVersion = 10.0.40219.1
Project("{2150E333-8FDC-42A3-9474-1A3956D46DE8}") = "Libraries", "Libraries", "{E4ACA93B-D3DE-4557-B069-F1DB42925A4B}"
EndProject
Project("{2150E333-8FDC-42A3-9474-1A3956D46DE8}") = "Presentation", "Presentation", "{B09156FB-8291-46A2-AF37-67CE97CFB5A6}"
EndProject
Project("{2150E333-8FDC-42A3-9474-1A3956D46DE8}") = "Tests", "Tests", "{A340B280-C12B-47E7-90B7-89C650F8AAFC}"
EndProject
Project("{2150E333-8FDC-42A3-9474-1A3956D46DE8}") = "Plugins", "Plugins", "{7881B112-7843-4542-B1F7-F99553FB9BB7}"
EndProject
Project("{9A19103F-16F7-4668-BE54-9A1E7A4F7556}") = "Nop.Web", "Presentation\Nop.Web\Nop.Web.csproj", "{4F1F649C-1020-45BE-A487-F416D9297FF3}"
EndProject
Project("{9A19103F-16F7-4668-BE54-9A1E7A4F7556}") = "Nop.Core", "Libraries\Nop.Core\Nop.Core.csproj", "{6BDA8332-939F-45B7-A25E-7A797260AE59}"
EndProject
Project("{9A19103F-16F7-4668-BE54-9A1E7A4F7556}") = "Nop.Data", "Libraries\Nop.Data\Nop.Data.csproj", "{CCD7F2C9-6A2C-4CF0-8E89-076B8FC0F144}"
EndProject
Project("{9A19103F-16F7-4668-BE54-9A1E7A4F7556}") = "Nop.Services", "Libraries\Nop.Services\Nop.Services.csproj", "{210541AD-F659-47DA-8763-16F36C5CD2F4}"
EndProject
Project("{9A19103F-16F7-4668-BE54-9A1E7A4F7556}") = "Nop.Data.Tests", "Tests\Nop.Data.Tests\Nop.Data.Tests.csproj", "{0D303E2D-0367-4F66-AC03-F1658FBBB24D}"
EndProject
Project("{9A19103F-16F7-4668-BE54-9A1E7A4F7556}") = "Nop.Services.Tests", "Tests\Nop.Services.Tests\Nop.Services.Tests.csproj", "{5DCBE5B1-1A02-48E7-9853-5FCEF2A36805}"
EndProject
Project("{9A19103F-16F7-4668-BE54-9A1E7A4F7556}") = "Nop.Core.Tests", "Tests\Nop.Core.Tests\Nop.Core.Tests.csproj", "{7A9BDC6A-F880-43D5-9B2A-59C1674CE449}"
EndProject
Project("{9A19103F-16F7-4668-BE54-9A1E7A4F7556}") = "Nop.Tests", "Tests\Nop.Tests\Nop.Tests.csproj", "{1D9EB579-3630-468A-BE94-49E7DF4F6E1D}"
EndProject
Project("{9A19103F-16F7-4668-BE54-9A1E7A4F7556}") = "Nop.Web.MVC.Tests", "Tests\Nop.Web.MVC.Tests\Nop.Web.MVC.Tests.csproj", "{57718244-1B22-4637-9DBF-F5D8E460FC95}"
EndProject
Project("{9A19103F-16F7-4668-BE54-9A1E7A4F7556}") = "Nop.Plugin.Payments.Manual", "Plugins\Nop.Plugin.Payments.Manual\Nop.Plugin.Payments.Manual.csproj", "{9A7B9344-6AD0-4828-876D-0BF14C177148}"
EndProject
Project("{9A19103F-16F7-4668-BE54-9A1E7A4F7556}") = "Nop.Web.Framework", "Presentation\Nop.Web.Framework\Nop.Web.Framework.csproj", "{75FD4163-333C-4DD5-854D-2EF294E45D94}"
EndProject
Project("{9A19103F-16F7-4668-BE54-9A1E7A4F7556}") = "Nop.Plugin.Shipping.UPS", "Plugins\Nop.Plugin.Shipping.UPS\Nop.Plugin.Shipping.UPS.csproj", "{98CA7487-6ADE-4773-BD0A-29255F443236}"
EndProject
Project("{9A19103F-16F7-4668-BE54-9A1E7A4F7556}") = "Nop.Plugin.Shipping.Fedex", "Plugins\Nop.Plugin.Shipping.Fedex\Nop.Plugin.Shipping.Fedex.csproj", "{8D73A283-0611-4673-B78A-62F8673F45D9}"
EndProject
Project("{9A19103F-16F7-4668-BE54-9A1E7A4F7556}") = "Nop.Plugin.Payments.CheckMoneyOrder", "Plugins\Nop.Plugin.Payments.CheckMoneyOrder\Nop.Plugin.Payments.CheckMoneyOrder.csproj", "{5422ED35-2808-4790-B5E6-C86A383B2874}"
EndProject
Project("{9A19103F-16F7-4668-BE54-9A1E7A4F7556}") = "Nop.Plugin.Payments.PayPalStandard", "Plugins\Nop.Plugin.Payments.PayPalStandard\Nop.Plugin.Payments.PayPalStandard.csproj", "{5979DBFD-8471-4DF5-A0FD-96F6768205AA}"
EndProject
Project("{9A19103F-16F7-4668-BE54-9A1E7A4F7556}") = "Nop.Plugin.Payments.PayPalDirect", "Plugins\Nop.Plugin.Payments.PayPalDirect\Nop.Plugin.Payments.PayPalDirect.csproj", "{83235353-0D04-4028-82B2-81116E7361DA}"
EndProject
Project("{9A19103F-16F7-4668-BE54-9A1E7A4F7556}") = "Nop.Plugin.Widgets.GoogleAnalytics", "Plugins\Nop.Plugin.Widgets.GoogleAnalytics\Nop.Plugin.Widgets.GoogleAnalytics.csproj", "{C2B83AF5-80F6-4B8C-8628-FA7DE10C3BB5}"
EndProject
Project("{9A19103F-16F7-4668-BE54-9A1E7A4F7556}") = "Nop.Plugin.ExternalAuth.Facebook", "Plugins\Nop.Plugin.ExternalAuth.Facebook\Nop.Plugin.ExternalAuth.Facebook.csproj", "{446FED73-BCA1-4D8F-BC13-EA1507C7EF29}"
EndProject
Project("{9A19103F-16F7-4668-BE54-9A1E7A4F7556}") = "Nop.Plugin.ExchangeRate.EcbExchange", "Plugins\Nop.Plugin.ExchangeRate.EcbExchange\Nop.Plugin.ExchangeRate.EcbExchange.csproj", "{6DF00C56-EC49-4AB8-8B29-404E3694026C}"
EndProject
Project("{9A19103F-16F7-4668-BE54-9A1E7A4F7556}") = "Nop.Plugin.Pickup.PickupInStore", "Plugins\Nop.Plugin.Pickup.PickupInStore\Nop.Plugin.Pickup.PickupInStore.csproj", "{06C88D0B-A276-4D3D-8BE5-7C58BF3072E3}"
EndProject
Project("{9A19103F-16F7-4668-BE54-9A1E7A4F7556}") = "Nop.Plugin.Shipping.FixedOrByWeight", "Plugins\Nop.Plugin.Shipping.FixedOrByWeight\Nop.Plugin.Shipping.FixedOrByWeight.csproj", "{560768D4-7E1D-4431-99F0-CC14C255E167}"
EndProject
Project("{9A19103F-16F7-4668-BE54-9A1E7A4F7556}") = "Nop.Plugin.Tax.FixedOrByCountryStateZip", "Plugins\Nop.Plugin.Tax.FixedOrByCountryStateZip\Nop.Plugin.Tax.FixedOrByCountryStateZip.csproj", "{493761CB-5190-4283-8C6C-A8CEB5450CAB}"
EndProject
Project("{9A19103F-16F7-4668-BE54-9A1E7A4F7556}") = "Nop.Plugin.DiscountRules.CustomerRoles", "Plugins\Nop.Plugin.DiscountRules.CustomerRoles\Nop.Plugin.DiscountRules.CustomerRoles.csproj", "{4C0C889A-A3B2-43FA-824A-F529402C1BBF}"
EndProject
Project("{9A19103F-16F7-4668-BE54-9A1E7A4F7556}") = "Nop.Plugin.Payments.Worldpay", "Plugins\Nop.Plugin.Payments.Worldpay\Nop.Plugin.Payments.Worldpay.csproj", "{77CF4A76-430B-403F-8D86-BA9D2F2320D7}"
EndProject
Project("{9A19103F-16F7-4668-BE54-9A1E7A4F7556}") = "Nop.Plugin.Payments.Square", "Plugins\Nop.Plugin.Payments.Square\Nop.Plugin.Payments.Square.csproj", "{FBAAE193-A988-4863-9559-C36A022D0A91}"
EndProject
Project("{2150E333-8FDC-42A3-9474-1A3956D46DE8}") = "Solution Items", "Solution Items", "{1C3CB2F9-0D54-4D7C-815C-56BD59EA6246}"
	ProjectSection(SolutionItems) = preProject
		README.md = README.md
	EndProjectSection
EndProject
Project("{9A19103F-16F7-4668-BE54-9A1E7A4F7556}") = "Teed.Nop.Plugin.Widgets.HomePageImages", "Plugins\Teed.Nop.Plugin.Widgets.HomePageImages\Teed.Nop.Plugin.Widgets.HomePageImages.csproj", "{9562412E-9EDE-48A8-8033-A1304AEF7428}"
EndProject
Project("{9A19103F-16F7-4668-BE54-9A1E7A4F7556}") = "Teed.Nop.Plugin.Shipping.Estafeta", "Plugins\Teed.Nop.Plugin.Shipping.Estafeta\Teed.Nop.Plugin.Shipping.Estafeta.csproj", "{9EAE3D41-776D-457E-95C7-D3F550C89455}"
EndProject
Project("{9A19103F-16F7-4668-BE54-9A1E7A4F7556}") = "Teed.Plugin.Api", "Plugins\Teed.Plugin.Api\Teed.Plugin.Api.csproj", "{7FAEB355-49B3-4EF0-BBC3-3B5D1C5BB6C3}"
EndProject
Project("{9A19103F-16F7-4668-BE54-9A1E7A4F7556}") = "Teed.Plugin.Payments.ComproPago", "Plugins\Teed.Plugin.Payments.ComproPago\Teed.Plugin.Payments.ComproPago.csproj", "{B545F62B-9160-4746-B450-D7B37804EAA6}"
EndProject
Project("{9A19103F-16F7-4668-BE54-9A1E7A4F7556}") = "Teed.Plugin.Medical", "Plugins\Teed.Plugin.Medical\Teed.Plugin.Medical.csproj", "{49613FB2-E873-42A8-BE4E-A9606D418983}"
EndProject
Project("{9A19103F-16F7-4668-BE54-9A1E7A4F7556}") = "Teed.Plugin.Emails", "Plugins\Teed.Plugin.Emails\Teed.Plugin.Emails.csproj", "{11C477F4-4633-4A90-A534-8499C9120A4E}"
EndProject
Project("{9A19103F-16F7-4668-BE54-9A1E7A4F7556}") = "Teed.Plugin.Payments.PagoFacil", "Plugins\Teed.Plugin.Payments.PagoFacil\Teed.Plugin.Payments.PagoFacil.csproj", "{81FFE6A4-9D8B-456F-8173-55518FD1FB1A}"
EndProject
Project("{9A19103F-16F7-4668-BE54-9A1E7A4F7556}") = "Nop.Plugin.Payments.CashOnDelivery", "Plugins\Nop.Plugin.Payments.CashOnDelivery\Nop.Plugin.Payments.CashOnDelivery.csproj", "{EA88FFD4-F8AD-4015-AC7B-BD41789F51C9}"
EndProject
Project("{9A19103F-16F7-4668-BE54-9A1E7A4F7556}") = "Teed.Plugin.Groceries", "Plugins\Teed.Plugin.Groceries\Teed.Plugin.Groceries.csproj", "{95013283-1927-4881-A02A-8632D721CAC8}"
EndProject
Project("{9A19103F-16F7-4668-BE54-9A1E7A4F7556}") = "Teed.Plugin.Manager", "Plugins\Teed.Plugin.Manager\Teed.Plugin.Manager.csproj", "{E126857C-58D7-4219-8E14-3B259C173627}"
EndProject
Project("{9A19103F-16F7-4668-BE54-9A1E7A4F7556}") = "Teed.Plugin.Payments.CardOnDelivery", "Plugins\Teed.Plugin.Payments.CardOnDelivery\Teed.Plugin.Payments.CardOnDelivery.csproj", "{8F57EFCF-AAB0-4078-855B-D4F23AC5443B}"
EndProject
Project("{9A19103F-16F7-4668-BE54-9A1E7A4F7556}") = "Teed.Plugin.Payments.Replacement", "Plugins\Teed.Plugin.Payments.Replacement\Teed.Plugin.Payments.Replacement.csproj", "{C0AC957F-89BA-4BE6-90DF-78FE1274378D}"
EndProject
Project("{9A19103F-16F7-4668-BE54-9A1E7A4F7556}") = "Teed.Plugin.CustomPages", "Plugins\Teed.Plugin.CustomPages\Teed.Plugin.CustomPages.csproj", "{EA9C34F7-D21E-4472-AEF1-2A95F09A0929}"
EndProject
Project("{9A19103F-16F7-4668-BE54-9A1E7A4F7556}") = "Teed.Plugin.Facturify", "Plugins\Teed.Plugin.Facturify\Teed.Plugin.Facturify.csproj", "{C5CF77DF-14EC-42C8-A925-7715A02185F5}"
EndProject
Project("{9A19103F-16F7-4668-BE54-9A1E7A4F7556}") = "Teed.Plugin.Payments.PaypalPlus", "Plugins\Teed.Plugin.Payments.PaypalPlus\Teed.Plugin.Payments.PaypalPlus.csproj", "{1B8FE8B3-52E0-4E02-8F9E-B2B7730BB345}"
EndProject
Project("{9A19103F-16F7-4668-BE54-9A1E7A4F7556}") = "Teed.Plugin.Supplier", "Plugins\Teed.Plugin.Suppliers\Teed.Plugin.Supplier.csproj", "{39FEFAC0-6749-4B9D-976B-59F077215E10}"
EndProject
Project("{9A19103F-16F7-4668-BE54-9A1E7A4F7556}") = "Teed.Plugin.Logisfashion", "Plugins\Teed.Plugin.LogisFashionApi\Teed.Plugin.Logisfashion.csproj", "{19442662-61AC-41C5-80C1-09F2196B4985}"
EndProject
Project("{9A19103F-16F7-4668-BE54-9A1E7A4F7556}") = "Teed.Plugin.Payments.MercadoPago", "Plugins\Teed.Plugin.Payments.MercadoPago\Teed.Plugin.Payments.MercadoPago.csproj", "{15C7D0A2-2C20-49DF-B795-3ED1AEDC1A19}"
EndProject
Project("{9A19103F-16F7-4668-BE54-9A1E7A4F7556}") = "Teed.Plugin.ShippingByAddress", "Plugins\Teed.Plugin.ShippingByAddress\Teed.Plugin.ShippingByAddress.csproj", "{0E6FC537-4FB5-4784-A03C-D21D6352AD87}"
EndProject
Project("{9A19103F-16F7-4668-BE54-9A1E7A4F7556}") = "Teed.Plugin.CornerForm", "Plugins\Teed.Plugin.CornerForm\Teed.Plugin.CornerForm.csproj", "{F74F6A52-87B5-489A-8C13-1CF6C5E07440}"
EndProject
Project("{9A19103F-16F7-4668-BE54-9A1E7A4F7556}") = "Teed.Plugin.Payments.Stripe", "Plugins\Teed.Plugin.Payments.Stripe\Teed.Plugin.Payments.Stripe.csproj", "{B1A731D8-685F-46D8-BD60-3F81B00B5590}"
EndProject
Project("{9A19103F-16F7-4668-BE54-9A1E7A4F7556}") = "Teed.Plugin.Payments.MercadoPagoQr", "Plugins\Teed.Plugin.Payments.MercadoPagoQr\Teed.Plugin.Payments.MercadoPagoQr.csproj", "{DC717A77-04F1-4CF6-96FD-9A98C534807D}"
EndProject
Project("{9A19103F-16F7-4668-BE54-9A1E7A4F7556}") = "Teed.Plugin.Payments.PaypalMobile", "Plugins\Teed.Plugin.Payments.PaypalMobile\Teed.Plugin.Payments.PaypalMobile.csproj", "{07D89F10-0316-4A28-AB9D-6DF4B640CE30}"
EndProject
Project("{9A19103F-16F7-4668-BE54-9A1E7A4F7556}") = "Teed.Plugin.Payments.Benefits", "Plugins\Teed.Plugin.Payments.Benefits\Teed.Plugin.Payments.Benefits.csproj", "{6BA2DD0F-3408-4A77-8418-BB4794EDE0F4}"
EndProject
Project("{9A19103F-16F7-4668-BE54-9A1E7A4F7556}") = "Teed.Plugin.Payments.NetPay", "Plugins\Teed.Plugin.Payments.NetPay\Teed.Plugin.Payments.NetPay.csproj", "{C91CD2ED-4BC2-4663-B169-63749557CE99}"
EndProject
Project("{9A19103F-16F7-4668-BE54-9A1E7A4F7556}") = "Teed.Plugin.Payments.ManualTransfer", "Plugins\Teed.Plugin.Payments.ManualTransfer\Teed.Plugin.Payments.ManualTransfer.csproj", "{C158552E-BDB1-4170-89D8-9AE86664E8BA}"
EndProject
Project("{9A19103F-16F7-4668-BE54-9A1E7A4F7556}") = "Teed.Plugin.Payroll", "Plugins\Teed.Plugin.Payroll\Teed.Plugin.Payroll.csproj", "{99FC74BC-9517-448B-BE69-B37FC88CB547}"
EndProject
Project("{9A19103F-16F7-4668-BE54-9A1E7A4F7556}") = "Teed.Plugin.Payments.Visa", "Plugins\Teed.Plugin.Payments.Visa\Teed.Plugin.Payments.Visa.csproj", "{5ADC3FB5-C1A4-4463-B872-F8BD240CDB1D}"
EndProject
Project("{9A19103F-16F7-4668-BE54-9A1E7A4F7556}") = "Teed.Plugin.TicketControl", "Plugins\Teed.Plugin.TicketControl\Teed.Plugin.TicketControl.csproj", "{53719BFE-E11D-4B4C-9606-DE01DDF38E88}"
EndProject
Project("{9A19103F-16F7-4668-BE54-9A1E7A4F7556}") = "Teed.Plugin.ShoppingCartUrlGenerator", "Plugins\Teed.Plugin.ShoppingCartUrlGenerator\Teed.Plugin.ShoppingCartUrlGenerator.csproj", "{6128075D-10EB-4A58-9A40-8A0B6F6BBC72}"
EndProject
Project("{9A19103F-16F7-4668-BE54-9A1E7A4F7556}") = "Teed.Plugin.MarketingDashboard", "Plugins\Teed.Plugin.MarketingDashboard\Teed.Plugin.MarketingDashboard.csproj", "{2B6CF3B0-1C89-42F6-81DB-1E5703ED4F61}"
EndProject
Project("{9A19103F-16F7-4668-BE54-9A1E7A4F7556}") = "Teed.Plugin.SaleRecord", "Plugins\Teed.Plugin.SaleRecord\Teed.Plugin.SaleRecord.csproj", "{6F87443A-BB93-41F7-A12C-3D63FEDE3CA4}"
EndProject
Project("{9A19103F-16F7-4668-BE54-9A1E7A4F7556}") = "Teed.Plugin.Careers", "Plugins\Teed.Plugin.Careers\Teed.Plugin.Careers.csproj", "{AEC4E2CF-8A8D-475C-85C6-1CB268FF6A43}"
EndProject
Project("{9A19103F-16F7-4668-BE54-9A1E7A4F7556}") = "Teed.Plugin.CategorySearch", "Plugins\Teed.Plugin.CategorySearch\Teed.Plugin.CategorySearch.csproj", "{CAA0042C-958A-4C3F-A270-A6842A4DA5E4}"
EndProject
Project("{9A19103F-16F7-4668-BE54-9A1E7A4F7556}") = "Teed.Plugin.RecentProducts", "Plugins\Teed.Plugin.RecentProducts\Teed.Plugin.RecentProducts.csproj", "{288115BA-6795-4584-A37F-9958CFF40F5F}"
EndProject
Project("{9A19103F-16F7-4668-BE54-9A1E7A4F7556}") = "Teed.Plugin.Payments.OpenPay", "Plugins\Teed.Plugin.Payments.OpenPay\Teed.Plugin.Payments.OpenPay.csproj", "{834E3EC1-74CB-45C0-A659-E42F0788C4F4}"
EndProject
Project("{9A19103F-16F7-4668-BE54-9A1E7A4F7556}") = "Teed.Plugin.Lamyshop", "Plugins\Teed.Plugin.Lamyshop\Teed.Plugin.Lamyshop.csproj", "{74904C17-4BB8-45BD-8364-1B0F5EAE44BC}"
EndProject
Project("{9A19103F-16F7-4668-BE54-9A1E7A4F7556}") = "Teed.Plugin.MessageBird", "Plugins\Teed.Plugin.MessageBird\Teed.Plugin.MessageBird.csproj", "{37309487-1EFD-4652-BC3E-3896BDB82EBB}"
EndProject
Project("{9A19103F-16F7-4668-BE54-9A1E7A4F7556}") = "Teed.Plugin.CustomerComments", "Plugins\Teed.Plugin.CustomerComments\Teed.Plugin.CustomerComments.csproj", "{E9946EB2-C9DE-4F24-9644-BCEF32AA8355}"
EndProject
Project("{9A19103F-16F7-4668-BE54-9A1E7A4F7556}") = "Teed.Plugin.FavoriteProducts", "Plugins\Teed.Plugin.FavoriteProducts\Teed.Plugin.FavoriteProducts.csproj", "{5E7FD329-E8EF-432E-AC48-B1C5B0C56F13}"
EndProject
Project("{9A19103F-16F7-4668-BE54-9A1E7A4F7556}") = "Teed.Plugin.DiscountedProducts", "Plugins\Teed.Plugin.DiscountedProducts\Teed.Plugin.DiscountedProducts.csproj", "{3445776F-7456-462C-8A6C-909CDC7A8F0D}"
EndProject
Global
	GlobalSection(SolutionConfigurationPlatforms) = preSolution
		Debug|Any CPU = Debug|Any CPU
		Debug|Mixed Platforms = Debug|Mixed Platforms
		Debug|x86 = Debug|x86
		Release|Any CPU = Release|Any CPU
		Release|Mixed Platforms = Release|Mixed Platforms
		Release|x86 = Release|x86
	EndGlobalSection
	GlobalSection(ProjectConfigurationPlatforms) = postSolution
		{4F1F649C-1020-45BE-A487-F416D9297FF3}.Debug|Any CPU.ActiveCfg = Debug|Any CPU
		{4F1F649C-1020-45BE-A487-F416D9297FF3}.Debug|Any CPU.Build.0 = Debug|Any CPU
		{4F1F649C-1020-45BE-A487-F416D9297FF3}.Debug|Mixed Platforms.ActiveCfg = Debug|Any CPU
		{4F1F649C-1020-45BE-A487-F416D9297FF3}.Debug|Mixed Platforms.Build.0 = Debug|Any CPU
		{4F1F649C-1020-45BE-A487-F416D9297FF3}.Debug|x86.ActiveCfg = Debug|Any CPU
		{4F1F649C-1020-45BE-A487-F416D9297FF3}.Release|Any CPU.ActiveCfg = Debug|Any CPU
		{4F1F649C-1020-45BE-A487-F416D9297FF3}.Release|Any CPU.Build.0 = Debug|Any CPU
		{4F1F649C-1020-45BE-A487-F416D9297FF3}.Release|Mixed Platforms.ActiveCfg = Release|Any CPU
		{4F1F649C-1020-45BE-A487-F416D9297FF3}.Release|Mixed Platforms.Build.0 = Release|Any CPU
		{4F1F649C-1020-45BE-A487-F416D9297FF3}.Release|x86.ActiveCfg = Release|Any CPU
		{6BDA8332-939F-45B7-A25E-7A797260AE59}.Debug|Any CPU.ActiveCfg = Debug|Any CPU
		{6BDA8332-939F-45B7-A25E-7A797260AE59}.Debug|Any CPU.Build.0 = Debug|Any CPU
		{6BDA8332-939F-45B7-A25E-7A797260AE59}.Debug|Mixed Platforms.ActiveCfg = Debug|Any CPU
		{6BDA8332-939F-45B7-A25E-7A797260AE59}.Debug|Mixed Platforms.Build.0 = Debug|Any CPU
		{6BDA8332-939F-45B7-A25E-7A797260AE59}.Debug|x86.ActiveCfg = Debug|Any CPU
		{6BDA8332-939F-45B7-A25E-7A797260AE59}.Release|Any CPU.ActiveCfg = Release|Any CPU
		{6BDA8332-939F-45B7-A25E-7A797260AE59}.Release|Any CPU.Build.0 = Release|Any CPU
		{6BDA8332-939F-45B7-A25E-7A797260AE59}.Release|Mixed Platforms.ActiveCfg = Release|Any CPU
		{6BDA8332-939F-45B7-A25E-7A797260AE59}.Release|Mixed Platforms.Build.0 = Release|Any CPU
		{6BDA8332-939F-45B7-A25E-7A797260AE59}.Release|x86.ActiveCfg = Release|Any CPU
		{CCD7F2C9-6A2C-4CF0-8E89-076B8FC0F144}.Debug|Any CPU.ActiveCfg = Debug|Any CPU
		{CCD7F2C9-6A2C-4CF0-8E89-076B8FC0F144}.Debug|Any CPU.Build.0 = Debug|Any CPU
		{CCD7F2C9-6A2C-4CF0-8E89-076B8FC0F144}.Debug|Mixed Platforms.ActiveCfg = Debug|Any CPU
		{CCD7F2C9-6A2C-4CF0-8E89-076B8FC0F144}.Debug|Mixed Platforms.Build.0 = Debug|Any CPU
		{CCD7F2C9-6A2C-4CF0-8E89-076B8FC0F144}.Debug|x86.ActiveCfg = Debug|Any CPU
		{CCD7F2C9-6A2C-4CF0-8E89-076B8FC0F144}.Release|Any CPU.ActiveCfg = Release|Any CPU
		{CCD7F2C9-6A2C-4CF0-8E89-076B8FC0F144}.Release|Any CPU.Build.0 = Release|Any CPU
		{CCD7F2C9-6A2C-4CF0-8E89-076B8FC0F144}.Release|Mixed Platforms.ActiveCfg = Release|Any CPU
		{CCD7F2C9-6A2C-4CF0-8E89-076B8FC0F144}.Release|Mixed Platforms.Build.0 = Release|Any CPU
		{CCD7F2C9-6A2C-4CF0-8E89-076B8FC0F144}.Release|x86.ActiveCfg = Release|Any CPU
		{210541AD-F659-47DA-8763-16F36C5CD2F4}.Debug|Any CPU.ActiveCfg = Debug|Any CPU
		{210541AD-F659-47DA-8763-16F36C5CD2F4}.Debug|Any CPU.Build.0 = Debug|Any CPU
		{210541AD-F659-47DA-8763-16F36C5CD2F4}.Debug|Mixed Platforms.ActiveCfg = Debug|Any CPU
		{210541AD-F659-47DA-8763-16F36C5CD2F4}.Debug|Mixed Platforms.Build.0 = Debug|Any CPU
		{210541AD-F659-47DA-8763-16F36C5CD2F4}.Debug|x86.ActiveCfg = Debug|Any CPU
		{210541AD-F659-47DA-8763-16F36C5CD2F4}.Release|Any CPU.ActiveCfg = Release|Any CPU
		{210541AD-F659-47DA-8763-16F36C5CD2F4}.Release|Any CPU.Build.0 = Release|Any CPU
		{210541AD-F659-47DA-8763-16F36C5CD2F4}.Release|Mixed Platforms.ActiveCfg = Release|Any CPU
		{210541AD-F659-47DA-8763-16F36C5CD2F4}.Release|Mixed Platforms.Build.0 = Release|Any CPU
		{210541AD-F659-47DA-8763-16F36C5CD2F4}.Release|x86.ActiveCfg = Release|Any CPU
		{0D303E2D-0367-4F66-AC03-F1658FBBB24D}.Debug|Any CPU.ActiveCfg = Debug|Any CPU
		{0D303E2D-0367-4F66-AC03-F1658FBBB24D}.Debug|Any CPU.Build.0 = Debug|Any CPU
		{0D303E2D-0367-4F66-AC03-F1658FBBB24D}.Debug|Mixed Platforms.ActiveCfg = Debug|Any CPU
		{0D303E2D-0367-4F66-AC03-F1658FBBB24D}.Debug|Mixed Platforms.Build.0 = Debug|Any CPU
		{0D303E2D-0367-4F66-AC03-F1658FBBB24D}.Debug|x86.ActiveCfg = Debug|Any CPU
		{0D303E2D-0367-4F66-AC03-F1658FBBB24D}.Release|Any CPU.ActiveCfg = Release|Any CPU
		{0D303E2D-0367-4F66-AC03-F1658FBBB24D}.Release|Any CPU.Build.0 = Release|Any CPU
		{0D303E2D-0367-4F66-AC03-F1658FBBB24D}.Release|Mixed Platforms.ActiveCfg = Release|Any CPU
		{0D303E2D-0367-4F66-AC03-F1658FBBB24D}.Release|Mixed Platforms.Build.0 = Release|Any CPU
		{0D303E2D-0367-4F66-AC03-F1658FBBB24D}.Release|x86.ActiveCfg = Release|Any CPU
		{5DCBE5B1-1A02-48E7-9853-5FCEF2A36805}.Debug|Any CPU.ActiveCfg = Debug|Any CPU
		{5DCBE5B1-1A02-48E7-9853-5FCEF2A36805}.Debug|Any CPU.Build.0 = Debug|Any CPU
		{5DCBE5B1-1A02-48E7-9853-5FCEF2A36805}.Debug|Mixed Platforms.ActiveCfg = Debug|Any CPU
		{5DCBE5B1-1A02-48E7-9853-5FCEF2A36805}.Debug|Mixed Platforms.Build.0 = Debug|Any CPU
		{5DCBE5B1-1A02-48E7-9853-5FCEF2A36805}.Debug|x86.ActiveCfg = Debug|Any CPU
		{5DCBE5B1-1A02-48E7-9853-5FCEF2A36805}.Release|Any CPU.ActiveCfg = Release|Any CPU
		{5DCBE5B1-1A02-48E7-9853-5FCEF2A36805}.Release|Any CPU.Build.0 = Release|Any CPU
		{5DCBE5B1-1A02-48E7-9853-5FCEF2A36805}.Release|Mixed Platforms.ActiveCfg = Release|Any CPU
		{5DCBE5B1-1A02-48E7-9853-5FCEF2A36805}.Release|Mixed Platforms.Build.0 = Release|Any CPU
		{5DCBE5B1-1A02-48E7-9853-5FCEF2A36805}.Release|x86.ActiveCfg = Release|Any CPU
		{7A9BDC6A-F880-43D5-9B2A-59C1674CE449}.Debug|Any CPU.ActiveCfg = Debug|Any CPU
		{7A9BDC6A-F880-43D5-9B2A-59C1674CE449}.Debug|Any CPU.Build.0 = Debug|Any CPU
		{7A9BDC6A-F880-43D5-9B2A-59C1674CE449}.Debug|Mixed Platforms.ActiveCfg = Debug|Any CPU
		{7A9BDC6A-F880-43D5-9B2A-59C1674CE449}.Debug|Mixed Platforms.Build.0 = Debug|Any CPU
		{7A9BDC6A-F880-43D5-9B2A-59C1674CE449}.Debug|x86.ActiveCfg = Debug|Any CPU
		{7A9BDC6A-F880-43D5-9B2A-59C1674CE449}.Release|Any CPU.ActiveCfg = Release|Any CPU
		{7A9BDC6A-F880-43D5-9B2A-59C1674CE449}.Release|Any CPU.Build.0 = Release|Any CPU
		{7A9BDC6A-F880-43D5-9B2A-59C1674CE449}.Release|Mixed Platforms.ActiveCfg = Release|Any CPU
		{7A9BDC6A-F880-43D5-9B2A-59C1674CE449}.Release|Mixed Platforms.Build.0 = Release|Any CPU
		{7A9BDC6A-F880-43D5-9B2A-59C1674CE449}.Release|x86.ActiveCfg = Release|Any CPU
		{1D9EB579-3630-468A-BE94-49E7DF4F6E1D}.Debug|Any CPU.ActiveCfg = Debug|Any CPU
		{1D9EB579-3630-468A-BE94-49E7DF4F6E1D}.Debug|Any CPU.Build.0 = Debug|Any CPU
		{1D9EB579-3630-468A-BE94-49E7DF4F6E1D}.Debug|Mixed Platforms.ActiveCfg = Debug|Any CPU
		{1D9EB579-3630-468A-BE94-49E7DF4F6E1D}.Debug|Mixed Platforms.Build.0 = Debug|Any CPU
		{1D9EB579-3630-468A-BE94-49E7DF4F6E1D}.Debug|x86.ActiveCfg = Debug|Any CPU
		{1D9EB579-3630-468A-BE94-49E7DF4F6E1D}.Release|Any CPU.ActiveCfg = Release|Any CPU
		{1D9EB579-3630-468A-BE94-49E7DF4F6E1D}.Release|Any CPU.Build.0 = Release|Any CPU
		{1D9EB579-3630-468A-BE94-49E7DF4F6E1D}.Release|Mixed Platforms.ActiveCfg = Release|Any CPU
		{1D9EB579-3630-468A-BE94-49E7DF4F6E1D}.Release|Mixed Platforms.Build.0 = Release|Any CPU
		{1D9EB579-3630-468A-BE94-49E7DF4F6E1D}.Release|x86.ActiveCfg = Release|Any CPU
		{57718244-1B22-4637-9DBF-F5D8E460FC95}.Debug|Any CPU.ActiveCfg = Debug|Any CPU
		{57718244-1B22-4637-9DBF-F5D8E460FC95}.Debug|Any CPU.Build.0 = Debug|Any CPU
		{57718244-1B22-4637-9DBF-F5D8E460FC95}.Debug|Mixed Platforms.ActiveCfg = Debug|Any CPU
		{57718244-1B22-4637-9DBF-F5D8E460FC95}.Debug|Mixed Platforms.Build.0 = Debug|Any CPU
		{57718244-1B22-4637-9DBF-F5D8E460FC95}.Debug|x86.ActiveCfg = Debug|Any CPU
		{57718244-1B22-4637-9DBF-F5D8E460FC95}.Release|Any CPU.ActiveCfg = Release|Any CPU
		{57718244-1B22-4637-9DBF-F5D8E460FC95}.Release|Any CPU.Build.0 = Release|Any CPU
		{57718244-1B22-4637-9DBF-F5D8E460FC95}.Release|Mixed Platforms.ActiveCfg = Release|Any CPU
		{57718244-1B22-4637-9DBF-F5D8E460FC95}.Release|Mixed Platforms.Build.0 = Release|Any CPU
		{57718244-1B22-4637-9DBF-F5D8E460FC95}.Release|x86.ActiveCfg = Release|Any CPU
		{9A7B9344-6AD0-4828-876D-0BF14C177148}.Debug|Any CPU.ActiveCfg = Debug|Any CPU
		{9A7B9344-6AD0-4828-876D-0BF14C177148}.Debug|Any CPU.Build.0 = Debug|Any CPU
		{9A7B9344-6AD0-4828-876D-0BF14C177148}.Debug|Mixed Platforms.ActiveCfg = Debug|Any CPU
		{9A7B9344-6AD0-4828-876D-0BF14C177148}.Debug|Mixed Platforms.Build.0 = Debug|Any CPU
		{9A7B9344-6AD0-4828-876D-0BF14C177148}.Debug|x86.ActiveCfg = Debug|Any CPU
		{9A7B9344-6AD0-4828-876D-0BF14C177148}.Release|Any CPU.ActiveCfg = Release|Any CPU
		{9A7B9344-6AD0-4828-876D-0BF14C177148}.Release|Any CPU.Build.0 = Release|Any CPU
		{9A7B9344-6AD0-4828-876D-0BF14C177148}.Release|Mixed Platforms.ActiveCfg = Release|Any CPU
		{9A7B9344-6AD0-4828-876D-0BF14C177148}.Release|Mixed Platforms.Build.0 = Release|Any CPU
		{9A7B9344-6AD0-4828-876D-0BF14C177148}.Release|x86.ActiveCfg = Release|Any CPU
		{75FD4163-333C-4DD5-854D-2EF294E45D94}.Debug|Any CPU.ActiveCfg = Debug|Any CPU
		{75FD4163-333C-4DD5-854D-2EF294E45D94}.Debug|Any CPU.Build.0 = Debug|Any CPU
		{75FD4163-333C-4DD5-854D-2EF294E45D94}.Debug|Mixed Platforms.ActiveCfg = Debug|Any CPU
		{75FD4163-333C-4DD5-854D-2EF294E45D94}.Debug|Mixed Platforms.Build.0 = Debug|Any CPU
		{75FD4163-333C-4DD5-854D-2EF294E45D94}.Debug|x86.ActiveCfg = Debug|Any CPU
		{75FD4163-333C-4DD5-854D-2EF294E45D94}.Release|Any CPU.ActiveCfg = Release|Any CPU
		{75FD4163-333C-4DD5-854D-2EF294E45D94}.Release|Any CPU.Build.0 = Release|Any CPU
		{75FD4163-333C-4DD5-854D-2EF294E45D94}.Release|Mixed Platforms.ActiveCfg = Release|Any CPU
		{75FD4163-333C-4DD5-854D-2EF294E45D94}.Release|Mixed Platforms.Build.0 = Release|Any CPU
		{75FD4163-333C-4DD5-854D-2EF294E45D94}.Release|x86.ActiveCfg = Release|Any CPU
		{98CA7487-6ADE-4773-BD0A-29255F443236}.Debug|Any CPU.ActiveCfg = Debug|Any CPU
		{98CA7487-6ADE-4773-BD0A-29255F443236}.Debug|Any CPU.Build.0 = Debug|Any CPU
		{98CA7487-6ADE-4773-BD0A-29255F443236}.Debug|Mixed Platforms.ActiveCfg = Debug|Any CPU
		{98CA7487-6ADE-4773-BD0A-29255F443236}.Debug|Mixed Platforms.Build.0 = Debug|Any CPU
		{98CA7487-6ADE-4773-BD0A-29255F443236}.Debug|x86.ActiveCfg = Debug|Any CPU
		{98CA7487-6ADE-4773-BD0A-29255F443236}.Release|Any CPU.ActiveCfg = Release|Any CPU
		{98CA7487-6ADE-4773-BD0A-29255F443236}.Release|Any CPU.Build.0 = Release|Any CPU
		{98CA7487-6ADE-4773-BD0A-29255F443236}.Release|Mixed Platforms.ActiveCfg = Release|Any CPU
		{98CA7487-6ADE-4773-BD0A-29255F443236}.Release|Mixed Platforms.Build.0 = Release|Any CPU
		{98CA7487-6ADE-4773-BD0A-29255F443236}.Release|x86.ActiveCfg = Release|Any CPU
		{8D73A283-0611-4673-B78A-62F8673F45D9}.Debug|Any CPU.ActiveCfg = Debug|Any CPU
		{8D73A283-0611-4673-B78A-62F8673F45D9}.Debug|Any CPU.Build.0 = Debug|Any CPU
		{8D73A283-0611-4673-B78A-62F8673F45D9}.Debug|Mixed Platforms.ActiveCfg = Debug|Any CPU
		{8D73A283-0611-4673-B78A-62F8673F45D9}.Debug|Mixed Platforms.Build.0 = Debug|Any CPU
		{8D73A283-0611-4673-B78A-62F8673F45D9}.Debug|x86.ActiveCfg = Debug|Any CPU
		{8D73A283-0611-4673-B78A-62F8673F45D9}.Release|Any CPU.ActiveCfg = Release|Any CPU
		{8D73A283-0611-4673-B78A-62F8673F45D9}.Release|Any CPU.Build.0 = Release|Any CPU
		{8D73A283-0611-4673-B78A-62F8673F45D9}.Release|Mixed Platforms.ActiveCfg = Release|Any CPU
		{8D73A283-0611-4673-B78A-62F8673F45D9}.Release|Mixed Platforms.Build.0 = Release|Any CPU
		{8D73A283-0611-4673-B78A-62F8673F45D9}.Release|x86.ActiveCfg = Release|Any CPU
		{5422ED35-2808-4790-B5E6-C86A383B2874}.Debug|Any CPU.ActiveCfg = Debug|Any CPU
		{5422ED35-2808-4790-B5E6-C86A383B2874}.Debug|Any CPU.Build.0 = Debug|Any CPU
		{5422ED35-2808-4790-B5E6-C86A383B2874}.Debug|Mixed Platforms.ActiveCfg = Debug|Any CPU
		{5422ED35-2808-4790-B5E6-C86A383B2874}.Debug|Mixed Platforms.Build.0 = Debug|Any CPU
		{5422ED35-2808-4790-B5E6-C86A383B2874}.Debug|x86.ActiveCfg = Debug|Any CPU
		{5422ED35-2808-4790-B5E6-C86A383B2874}.Release|Any CPU.ActiveCfg = Release|Any CPU
		{5422ED35-2808-4790-B5E6-C86A383B2874}.Release|Any CPU.Build.0 = Release|Any CPU
		{5422ED35-2808-4790-B5E6-C86A383B2874}.Release|Mixed Platforms.ActiveCfg = Release|Any CPU
		{5422ED35-2808-4790-B5E6-C86A383B2874}.Release|Mixed Platforms.Build.0 = Release|Any CPU
		{5422ED35-2808-4790-B5E6-C86A383B2874}.Release|x86.ActiveCfg = Release|Any CPU
		{5979DBFD-8471-4DF5-A0FD-96F6768205AA}.Debug|Any CPU.ActiveCfg = Debug|Any CPU
		{5979DBFD-8471-4DF5-A0FD-96F6768205AA}.Debug|Any CPU.Build.0 = Debug|Any CPU
		{5979DBFD-8471-4DF5-A0FD-96F6768205AA}.Debug|Mixed Platforms.ActiveCfg = Debug|Any CPU
		{5979DBFD-8471-4DF5-A0FD-96F6768205AA}.Debug|Mixed Platforms.Build.0 = Debug|Any CPU
		{5979DBFD-8471-4DF5-A0FD-96F6768205AA}.Debug|x86.ActiveCfg = Debug|Any CPU
		{5979DBFD-8471-4DF5-A0FD-96F6768205AA}.Release|Any CPU.ActiveCfg = Release|Any CPU
		{5979DBFD-8471-4DF5-A0FD-96F6768205AA}.Release|Any CPU.Build.0 = Release|Any CPU
		{5979DBFD-8471-4DF5-A0FD-96F6768205AA}.Release|Mixed Platforms.ActiveCfg = Release|Any CPU
		{5979DBFD-8471-4DF5-A0FD-96F6768205AA}.Release|Mixed Platforms.Build.0 = Release|Any CPU
		{5979DBFD-8471-4DF5-A0FD-96F6768205AA}.Release|x86.ActiveCfg = Release|Any CPU
		{83235353-0D04-4028-82B2-81116E7361DA}.Debug|Any CPU.ActiveCfg = Debug|Any CPU
		{83235353-0D04-4028-82B2-81116E7361DA}.Debug|Any CPU.Build.0 = Debug|Any CPU
		{83235353-0D04-4028-82B2-81116E7361DA}.Debug|Mixed Platforms.ActiveCfg = Debug|Any CPU
		{83235353-0D04-4028-82B2-81116E7361DA}.Debug|Mixed Platforms.Build.0 = Debug|Any CPU
		{83235353-0D04-4028-82B2-81116E7361DA}.Debug|x86.ActiveCfg = Debug|Any CPU
		{83235353-0D04-4028-82B2-81116E7361DA}.Release|Any CPU.ActiveCfg = Release|Any CPU
		{83235353-0D04-4028-82B2-81116E7361DA}.Release|Any CPU.Build.0 = Release|Any CPU
		{83235353-0D04-4028-82B2-81116E7361DA}.Release|Mixed Platforms.ActiveCfg = Release|Any CPU
		{83235353-0D04-4028-82B2-81116E7361DA}.Release|Mixed Platforms.Build.0 = Release|Any CPU
		{83235353-0D04-4028-82B2-81116E7361DA}.Release|x86.ActiveCfg = Release|Any CPU
		{C2B83AF5-80F6-4B8C-8628-FA7DE10C3BB5}.Debug|Any CPU.ActiveCfg = Debug|Any CPU
		{C2B83AF5-80F6-4B8C-8628-FA7DE10C3BB5}.Debug|Any CPU.Build.0 = Debug|Any CPU
		{C2B83AF5-80F6-4B8C-8628-FA7DE10C3BB5}.Debug|Mixed Platforms.ActiveCfg = Debug|Any CPU
		{C2B83AF5-80F6-4B8C-8628-FA7DE10C3BB5}.Debug|Mixed Platforms.Build.0 = Debug|Any CPU
		{C2B83AF5-80F6-4B8C-8628-FA7DE10C3BB5}.Debug|x86.ActiveCfg = Debug|Any CPU
		{C2B83AF5-80F6-4B8C-8628-FA7DE10C3BB5}.Release|Any CPU.ActiveCfg = Release|Any CPU
		{C2B83AF5-80F6-4B8C-8628-FA7DE10C3BB5}.Release|Any CPU.Build.0 = Release|Any CPU
		{C2B83AF5-80F6-4B8C-8628-FA7DE10C3BB5}.Release|Mixed Platforms.ActiveCfg = Release|Any CPU
		{C2B83AF5-80F6-4B8C-8628-FA7DE10C3BB5}.Release|Mixed Platforms.Build.0 = Release|Any CPU
		{C2B83AF5-80F6-4B8C-8628-FA7DE10C3BB5}.Release|x86.ActiveCfg = Release|Any CPU
		{446FED73-BCA1-4D8F-BC13-EA1507C7EF29}.Debug|Any CPU.ActiveCfg = Debug|Any CPU
		{446FED73-BCA1-4D8F-BC13-EA1507C7EF29}.Debug|Any CPU.Build.0 = Debug|Any CPU
		{446FED73-BCA1-4D8F-BC13-EA1507C7EF29}.Debug|Mixed Platforms.ActiveCfg = Debug|Any CPU
		{446FED73-BCA1-4D8F-BC13-EA1507C7EF29}.Debug|Mixed Platforms.Build.0 = Debug|Any CPU
		{446FED73-BCA1-4D8F-BC13-EA1507C7EF29}.Debug|x86.ActiveCfg = Debug|Any CPU
		{446FED73-BCA1-4D8F-BC13-EA1507C7EF29}.Release|Any CPU.ActiveCfg = Release|Any CPU
		{446FED73-BCA1-4D8F-BC13-EA1507C7EF29}.Release|Any CPU.Build.0 = Release|Any CPU
		{446FED73-BCA1-4D8F-BC13-EA1507C7EF29}.Release|Mixed Platforms.ActiveCfg = Release|Any CPU
		{446FED73-BCA1-4D8F-BC13-EA1507C7EF29}.Release|Mixed Platforms.Build.0 = Release|Any CPU
		{446FED73-BCA1-4D8F-BC13-EA1507C7EF29}.Release|x86.ActiveCfg = Release|Any CPU
		{6DF00C56-EC49-4AB8-8B29-404E3694026C}.Debug|Any CPU.ActiveCfg = Debug|Any CPU
		{6DF00C56-EC49-4AB8-8B29-404E3694026C}.Debug|Any CPU.Build.0 = Debug|Any CPU
		{6DF00C56-EC49-4AB8-8B29-404E3694026C}.Debug|Mixed Platforms.ActiveCfg = Debug|Any CPU
		{6DF00C56-EC49-4AB8-8B29-404E3694026C}.Debug|Mixed Platforms.Build.0 = Debug|Any CPU
		{6DF00C56-EC49-4AB8-8B29-404E3694026C}.Debug|x86.ActiveCfg = Debug|Any CPU
		{6DF00C56-EC49-4AB8-8B29-404E3694026C}.Debug|x86.Build.0 = Debug|Any CPU
		{6DF00C56-EC49-4AB8-8B29-404E3694026C}.Release|Any CPU.ActiveCfg = Release|Any CPU
		{6DF00C56-EC49-4AB8-8B29-404E3694026C}.Release|Any CPU.Build.0 = Release|Any CPU
		{6DF00C56-EC49-4AB8-8B29-404E3694026C}.Release|Mixed Platforms.ActiveCfg = Release|Any CPU
		{6DF00C56-EC49-4AB8-8B29-404E3694026C}.Release|Mixed Platforms.Build.0 = Release|Any CPU
		{6DF00C56-EC49-4AB8-8B29-404E3694026C}.Release|x86.ActiveCfg = Release|Any CPU
		{6DF00C56-EC49-4AB8-8B29-404E3694026C}.Release|x86.Build.0 = Release|Any CPU
		{06C88D0B-A276-4D3D-8BE5-7C58BF3072E3}.Debug|Any CPU.ActiveCfg = Debug|Any CPU
		{06C88D0B-A276-4D3D-8BE5-7C58BF3072E3}.Debug|Any CPU.Build.0 = Debug|Any CPU
		{06C88D0B-A276-4D3D-8BE5-7C58BF3072E3}.Debug|Mixed Platforms.ActiveCfg = Debug|Any CPU
		{06C88D0B-A276-4D3D-8BE5-7C58BF3072E3}.Debug|Mixed Platforms.Build.0 = Debug|Any CPU
		{06C88D0B-A276-4D3D-8BE5-7C58BF3072E3}.Debug|x86.ActiveCfg = Debug|Any CPU
		{06C88D0B-A276-4D3D-8BE5-7C58BF3072E3}.Debug|x86.Build.0 = Debug|Any CPU
		{06C88D0B-A276-4D3D-8BE5-7C58BF3072E3}.Release|Any CPU.ActiveCfg = Release|Any CPU
		{06C88D0B-A276-4D3D-8BE5-7C58BF3072E3}.Release|Any CPU.Build.0 = Release|Any CPU
		{06C88D0B-A276-4D3D-8BE5-7C58BF3072E3}.Release|Mixed Platforms.ActiveCfg = Release|Any CPU
		{06C88D0B-A276-4D3D-8BE5-7C58BF3072E3}.Release|Mixed Platforms.Build.0 = Release|Any CPU
		{06C88D0B-A276-4D3D-8BE5-7C58BF3072E3}.Release|x86.ActiveCfg = Release|Any CPU
		{06C88D0B-A276-4D3D-8BE5-7C58BF3072E3}.Release|x86.Build.0 = Release|Any CPU
		{560768D4-7E1D-4431-99F0-CC14C255E167}.Debug|Any CPU.ActiveCfg = Debug|Any CPU
		{560768D4-7E1D-4431-99F0-CC14C255E167}.Debug|Any CPU.Build.0 = Debug|Any CPU
		{560768D4-7E1D-4431-99F0-CC14C255E167}.Debug|Mixed Platforms.ActiveCfg = Debug|Any CPU
		{560768D4-7E1D-4431-99F0-CC14C255E167}.Debug|Mixed Platforms.Build.0 = Debug|Any CPU
		{560768D4-7E1D-4431-99F0-CC14C255E167}.Debug|x86.ActiveCfg = Debug|Any CPU
		{560768D4-7E1D-4431-99F0-CC14C255E167}.Debug|x86.Build.0 = Debug|Any CPU
		{560768D4-7E1D-4431-99F0-CC14C255E167}.Release|Any CPU.ActiveCfg = Release|Any CPU
		{560768D4-7E1D-4431-99F0-CC14C255E167}.Release|Any CPU.Build.0 = Release|Any CPU
		{560768D4-7E1D-4431-99F0-CC14C255E167}.Release|Mixed Platforms.ActiveCfg = Release|Any CPU
		{560768D4-7E1D-4431-99F0-CC14C255E167}.Release|Mixed Platforms.Build.0 = Release|Any CPU
		{560768D4-7E1D-4431-99F0-CC14C255E167}.Release|x86.ActiveCfg = Release|Any CPU
		{560768D4-7E1D-4431-99F0-CC14C255E167}.Release|x86.Build.0 = Release|Any CPU
		{493761CB-5190-4283-8C6C-A8CEB5450CAB}.Debug|Any CPU.ActiveCfg = Debug|Any CPU
		{493761CB-5190-4283-8C6C-A8CEB5450CAB}.Debug|Any CPU.Build.0 = Debug|Any CPU
		{493761CB-5190-4283-8C6C-A8CEB5450CAB}.Debug|Mixed Platforms.ActiveCfg = Debug|Any CPU
		{493761CB-5190-4283-8C6C-A8CEB5450CAB}.Debug|Mixed Platforms.Build.0 = Debug|Any CPU
		{493761CB-5190-4283-8C6C-A8CEB5450CAB}.Debug|x86.ActiveCfg = Debug|Any CPU
		{493761CB-5190-4283-8C6C-A8CEB5450CAB}.Debug|x86.Build.0 = Debug|Any CPU
		{493761CB-5190-4283-8C6C-A8CEB5450CAB}.Release|Any CPU.ActiveCfg = Release|Any CPU
		{493761CB-5190-4283-8C6C-A8CEB5450CAB}.Release|Any CPU.Build.0 = Release|Any CPU
		{493761CB-5190-4283-8C6C-A8CEB5450CAB}.Release|Mixed Platforms.ActiveCfg = Release|Any CPU
		{493761CB-5190-4283-8C6C-A8CEB5450CAB}.Release|Mixed Platforms.Build.0 = Release|Any CPU
		{493761CB-5190-4283-8C6C-A8CEB5450CAB}.Release|x86.ActiveCfg = Release|Any CPU
		{493761CB-5190-4283-8C6C-A8CEB5450CAB}.Release|x86.Build.0 = Release|Any CPU
		{4C0C889A-A3B2-43FA-824A-F529402C1BBF}.Debug|Any CPU.ActiveCfg = Debug|Any CPU
		{4C0C889A-A3B2-43FA-824A-F529402C1BBF}.Debug|Any CPU.Build.0 = Debug|Any CPU
		{4C0C889A-A3B2-43FA-824A-F529402C1BBF}.Debug|Mixed Platforms.ActiveCfg = Debug|Any CPU
		{4C0C889A-A3B2-43FA-824A-F529402C1BBF}.Debug|Mixed Platforms.Build.0 = Debug|Any CPU
		{4C0C889A-A3B2-43FA-824A-F529402C1BBF}.Debug|x86.ActiveCfg = Debug|Any CPU
		{4C0C889A-A3B2-43FA-824A-F529402C1BBF}.Debug|x86.Build.0 = Debug|Any CPU
		{4C0C889A-A3B2-43FA-824A-F529402C1BBF}.Release|Any CPU.ActiveCfg = Release|Any CPU
		{4C0C889A-A3B2-43FA-824A-F529402C1BBF}.Release|Any CPU.Build.0 = Release|Any CPU
		{4C0C889A-A3B2-43FA-824A-F529402C1BBF}.Release|Mixed Platforms.ActiveCfg = Release|Any CPU
		{4C0C889A-A3B2-43FA-824A-F529402C1BBF}.Release|Mixed Platforms.Build.0 = Release|Any CPU
		{4C0C889A-A3B2-43FA-824A-F529402C1BBF}.Release|x86.ActiveCfg = Release|Any CPU
		{4C0C889A-A3B2-43FA-824A-F529402C1BBF}.Release|x86.Build.0 = Release|Any CPU
		{77CF4A76-430B-403F-8D86-BA9D2F2320D7}.Debug|Any CPU.ActiveCfg = Debug|Any CPU
		{77CF4A76-430B-403F-8D86-BA9D2F2320D7}.Debug|Any CPU.Build.0 = Debug|Any CPU
		{77CF4A76-430B-403F-8D86-BA9D2F2320D7}.Debug|Mixed Platforms.ActiveCfg = Debug|Any CPU
		{77CF4A76-430B-403F-8D86-BA9D2F2320D7}.Debug|Mixed Platforms.Build.0 = Debug|Any CPU
		{77CF4A76-430B-403F-8D86-BA9D2F2320D7}.Debug|x86.ActiveCfg = Debug|Any CPU
		{77CF4A76-430B-403F-8D86-BA9D2F2320D7}.Debug|x86.Build.0 = Debug|Any CPU
		{77CF4A76-430B-403F-8D86-BA9D2F2320D7}.Release|Any CPU.ActiveCfg = Release|Any CPU
		{77CF4A76-430B-403F-8D86-BA9D2F2320D7}.Release|Any CPU.Build.0 = Release|Any CPU
		{77CF4A76-430B-403F-8D86-BA9D2F2320D7}.Release|Mixed Platforms.ActiveCfg = Release|Any CPU
		{77CF4A76-430B-403F-8D86-BA9D2F2320D7}.Release|Mixed Platforms.Build.0 = Release|Any CPU
		{77CF4A76-430B-403F-8D86-BA9D2F2320D7}.Release|x86.ActiveCfg = Release|Any CPU
		{77CF4A76-430B-403F-8D86-BA9D2F2320D7}.Release|x86.Build.0 = Release|Any CPU
		{FBAAE193-A988-4863-9559-C36A022D0A91}.Debug|Any CPU.ActiveCfg = Debug|Any CPU
		{FBAAE193-A988-4863-9559-C36A022D0A91}.Debug|Any CPU.Build.0 = Debug|Any CPU
		{FBAAE193-A988-4863-9559-C36A022D0A91}.Debug|Mixed Platforms.ActiveCfg = Debug|Any CPU
		{FBAAE193-A988-4863-9559-C36A022D0A91}.Debug|Mixed Platforms.Build.0 = Debug|Any CPU
		{FBAAE193-A988-4863-9559-C36A022D0A91}.Debug|x86.ActiveCfg = Debug|Any CPU
		{FBAAE193-A988-4863-9559-C36A022D0A91}.Debug|x86.Build.0 = Debug|Any CPU
		{FBAAE193-A988-4863-9559-C36A022D0A91}.Release|Any CPU.ActiveCfg = Release|Any CPU
		{FBAAE193-A988-4863-9559-C36A022D0A91}.Release|Any CPU.Build.0 = Release|Any CPU
		{FBAAE193-A988-4863-9559-C36A022D0A91}.Release|Mixed Platforms.ActiveCfg = Release|Any CPU
		{FBAAE193-A988-4863-9559-C36A022D0A91}.Release|Mixed Platforms.Build.0 = Release|Any CPU
		{FBAAE193-A988-4863-9559-C36A022D0A91}.Release|x86.ActiveCfg = Release|Any CPU
		{FBAAE193-A988-4863-9559-C36A022D0A91}.Release|x86.Build.0 = Release|Any CPU
		{9562412E-9EDE-48A8-8033-A1304AEF7428}.Debug|Any CPU.ActiveCfg = Debug|Any CPU
		{9562412E-9EDE-48A8-8033-A1304AEF7428}.Debug|Any CPU.Build.0 = Debug|Any CPU
		{9562412E-9EDE-48A8-8033-A1304AEF7428}.Debug|Mixed Platforms.ActiveCfg = Debug|Any CPU
		{9562412E-9EDE-48A8-8033-A1304AEF7428}.Debug|Mixed Platforms.Build.0 = Debug|Any CPU
		{9562412E-9EDE-48A8-8033-A1304AEF7428}.Debug|x86.ActiveCfg = Debug|Any CPU
		{9562412E-9EDE-48A8-8033-A1304AEF7428}.Debug|x86.Build.0 = Debug|Any CPU
		{9562412E-9EDE-48A8-8033-A1304AEF7428}.Release|Any CPU.ActiveCfg = Release|Any CPU
		{9562412E-9EDE-48A8-8033-A1304AEF7428}.Release|Any CPU.Build.0 = Release|Any CPU
		{9562412E-9EDE-48A8-8033-A1304AEF7428}.Release|Mixed Platforms.ActiveCfg = Release|Any CPU
		{9562412E-9EDE-48A8-8033-A1304AEF7428}.Release|Mixed Platforms.Build.0 = Release|Any CPU
		{9562412E-9EDE-48A8-8033-A1304AEF7428}.Release|x86.ActiveCfg = Release|Any CPU
		{9562412E-9EDE-48A8-8033-A1304AEF7428}.Release|x86.Build.0 = Release|Any CPU
		{9EAE3D41-776D-457E-95C7-D3F550C89455}.Debug|Any CPU.ActiveCfg = Debug|Any CPU
		{9EAE3D41-776D-457E-95C7-D3F550C89455}.Debug|Any CPU.Build.0 = Debug|Any CPU
		{9EAE3D41-776D-457E-95C7-D3F550C89455}.Debug|Mixed Platforms.ActiveCfg = Debug|Any CPU
		{9EAE3D41-776D-457E-95C7-D3F550C89455}.Debug|Mixed Platforms.Build.0 = Debug|Any CPU
		{9EAE3D41-776D-457E-95C7-D3F550C89455}.Debug|x86.ActiveCfg = Debug|Any CPU
		{9EAE3D41-776D-457E-95C7-D3F550C89455}.Debug|x86.Build.0 = Debug|Any CPU
		{9EAE3D41-776D-457E-95C7-D3F550C89455}.Release|Any CPU.ActiveCfg = Release|Any CPU
		{9EAE3D41-776D-457E-95C7-D3F550C89455}.Release|Any CPU.Build.0 = Release|Any CPU
		{9EAE3D41-776D-457E-95C7-D3F550C89455}.Release|Mixed Platforms.ActiveCfg = Release|Any CPU
		{9EAE3D41-776D-457E-95C7-D3F550C89455}.Release|Mixed Platforms.Build.0 = Release|Any CPU
		{9EAE3D41-776D-457E-95C7-D3F550C89455}.Release|x86.ActiveCfg = Release|Any CPU
		{9EAE3D41-776D-457E-95C7-D3F550C89455}.Release|x86.Build.0 = Release|Any CPU
		{7FAEB355-49B3-4EF0-BBC3-3B5D1C5BB6C3}.Debug|Any CPU.ActiveCfg = Debug|Any CPU
		{7FAEB355-49B3-4EF0-BBC3-3B5D1C5BB6C3}.Debug|Any CPU.Build.0 = Debug|Any CPU
		{7FAEB355-49B3-4EF0-BBC3-3B5D1C5BB6C3}.Debug|Mixed Platforms.ActiveCfg = Debug|Any CPU
		{7FAEB355-49B3-4EF0-BBC3-3B5D1C5BB6C3}.Debug|Mixed Platforms.Build.0 = Debug|Any CPU
		{7FAEB355-49B3-4EF0-BBC3-3B5D1C5BB6C3}.Debug|x86.ActiveCfg = Debug|Any CPU
		{7FAEB355-49B3-4EF0-BBC3-3B5D1C5BB6C3}.Debug|x86.Build.0 = Debug|Any CPU
		{7FAEB355-49B3-4EF0-BBC3-3B5D1C5BB6C3}.Release|Any CPU.ActiveCfg = Release|Any CPU
		{7FAEB355-49B3-4EF0-BBC3-3B5D1C5BB6C3}.Release|Any CPU.Build.0 = Release|Any CPU
		{7FAEB355-49B3-4EF0-BBC3-3B5D1C5BB6C3}.Release|Mixed Platforms.ActiveCfg = Release|Any CPU
		{7FAEB355-49B3-4EF0-BBC3-3B5D1C5BB6C3}.Release|Mixed Platforms.Build.0 = Release|Any CPU
		{7FAEB355-49B3-4EF0-BBC3-3B5D1C5BB6C3}.Release|x86.ActiveCfg = Release|Any CPU
		{7FAEB355-49B3-4EF0-BBC3-3B5D1C5BB6C3}.Release|x86.Build.0 = Release|Any CPU
		{B545F62B-9160-4746-B450-D7B37804EAA6}.Debug|Any CPU.ActiveCfg = Debug|Any CPU
		{B545F62B-9160-4746-B450-D7B37804EAA6}.Debug|Any CPU.Build.0 = Debug|Any CPU
		{B545F62B-9160-4746-B450-D7B37804EAA6}.Debug|Mixed Platforms.ActiveCfg = Debug|Any CPU
		{B545F62B-9160-4746-B450-D7B37804EAA6}.Debug|Mixed Platforms.Build.0 = Debug|Any CPU
		{B545F62B-9160-4746-B450-D7B37804EAA6}.Debug|x86.ActiveCfg = Debug|Any CPU
		{B545F62B-9160-4746-B450-D7B37804EAA6}.Debug|x86.Build.0 = Debug|Any CPU
		{B545F62B-9160-4746-B450-D7B37804EAA6}.Release|Any CPU.ActiveCfg = Release|Any CPU
		{B545F62B-9160-4746-B450-D7B37804EAA6}.Release|Any CPU.Build.0 = Release|Any CPU
		{B545F62B-9160-4746-B450-D7B37804EAA6}.Release|Mixed Platforms.ActiveCfg = Release|Any CPU
		{B545F62B-9160-4746-B450-D7B37804EAA6}.Release|Mixed Platforms.Build.0 = Release|Any CPU
		{B545F62B-9160-4746-B450-D7B37804EAA6}.Release|x86.ActiveCfg = Release|Any CPU
		{B545F62B-9160-4746-B450-D7B37804EAA6}.Release|x86.Build.0 = Release|Any CPU
		{49613FB2-E873-42A8-BE4E-A9606D418983}.Debug|Any CPU.ActiveCfg = Debug|Any CPU
		{49613FB2-E873-42A8-BE4E-A9606D418983}.Debug|Any CPU.Build.0 = Debug|Any CPU
		{49613FB2-E873-42A8-BE4E-A9606D418983}.Debug|Mixed Platforms.ActiveCfg = Debug|Any CPU
		{49613FB2-E873-42A8-BE4E-A9606D418983}.Debug|Mixed Platforms.Build.0 = Debug|Any CPU
		{49613FB2-E873-42A8-BE4E-A9606D418983}.Debug|x86.ActiveCfg = Debug|Any CPU
		{49613FB2-E873-42A8-BE4E-A9606D418983}.Debug|x86.Build.0 = Debug|Any CPU
		{49613FB2-E873-42A8-BE4E-A9606D418983}.Release|Any CPU.ActiveCfg = Release|Any CPU
		{49613FB2-E873-42A8-BE4E-A9606D418983}.Release|Any CPU.Build.0 = Release|Any CPU
		{49613FB2-E873-42A8-BE4E-A9606D418983}.Release|Mixed Platforms.ActiveCfg = Release|Any CPU
		{49613FB2-E873-42A8-BE4E-A9606D418983}.Release|Mixed Platforms.Build.0 = Release|Any CPU
		{49613FB2-E873-42A8-BE4E-A9606D418983}.Release|x86.ActiveCfg = Release|Any CPU
		{49613FB2-E873-42A8-BE4E-A9606D418983}.Release|x86.Build.0 = Release|Any CPU
		{11C477F4-4633-4A90-A534-8499C9120A4E}.Debug|Any CPU.ActiveCfg = Debug|Any CPU
		{11C477F4-4633-4A90-A534-8499C9120A4E}.Debug|Any CPU.Build.0 = Debug|Any CPU
		{11C477F4-4633-4A90-A534-8499C9120A4E}.Debug|Mixed Platforms.ActiveCfg = Debug|Any CPU
		{11C477F4-4633-4A90-A534-8499C9120A4E}.Debug|Mixed Platforms.Build.0 = Debug|Any CPU
		{11C477F4-4633-4A90-A534-8499C9120A4E}.Debug|x86.ActiveCfg = Debug|Any CPU
		{11C477F4-4633-4A90-A534-8499C9120A4E}.Debug|x86.Build.0 = Debug|Any CPU
		{11C477F4-4633-4A90-A534-8499C9120A4E}.Release|Any CPU.ActiveCfg = Release|Any CPU
		{11C477F4-4633-4A90-A534-8499C9120A4E}.Release|Any CPU.Build.0 = Release|Any CPU
		{11C477F4-4633-4A90-A534-8499C9120A4E}.Release|Mixed Platforms.ActiveCfg = Release|Any CPU
		{11C477F4-4633-4A90-A534-8499C9120A4E}.Release|Mixed Platforms.Build.0 = Release|Any CPU
		{11C477F4-4633-4A90-A534-8499C9120A4E}.Release|x86.ActiveCfg = Release|Any CPU
		{11C477F4-4633-4A90-A534-8499C9120A4E}.Release|x86.Build.0 = Release|Any CPU
		{81FFE6A4-9D8B-456F-8173-55518FD1FB1A}.Debug|Any CPU.ActiveCfg = Debug|Any CPU
		{81FFE6A4-9D8B-456F-8173-55518FD1FB1A}.Debug|Any CPU.Build.0 = Debug|Any CPU
		{81FFE6A4-9D8B-456F-8173-55518FD1FB1A}.Debug|Mixed Platforms.ActiveCfg = Debug|Any CPU
		{81FFE6A4-9D8B-456F-8173-55518FD1FB1A}.Debug|Mixed Platforms.Build.0 = Debug|Any CPU
		{81FFE6A4-9D8B-456F-8173-55518FD1FB1A}.Debug|x86.ActiveCfg = Debug|Any CPU
		{81FFE6A4-9D8B-456F-8173-55518FD1FB1A}.Debug|x86.Build.0 = Debug|Any CPU
		{81FFE6A4-9D8B-456F-8173-55518FD1FB1A}.Release|Any CPU.ActiveCfg = Release|Any CPU
		{81FFE6A4-9D8B-456F-8173-55518FD1FB1A}.Release|Any CPU.Build.0 = Release|Any CPU
		{81FFE6A4-9D8B-456F-8173-55518FD1FB1A}.Release|Mixed Platforms.ActiveCfg = Release|Any CPU
		{81FFE6A4-9D8B-456F-8173-55518FD1FB1A}.Release|Mixed Platforms.Build.0 = Release|Any CPU
		{81FFE6A4-9D8B-456F-8173-55518FD1FB1A}.Release|x86.ActiveCfg = Release|Any CPU
		{81FFE6A4-9D8B-456F-8173-55518FD1FB1A}.Release|x86.Build.0 = Release|Any CPU
		{EA88FFD4-F8AD-4015-AC7B-BD41789F51C9}.Debug|Any CPU.ActiveCfg = Debug|Any CPU
		{EA88FFD4-F8AD-4015-AC7B-BD41789F51C9}.Debug|Any CPU.Build.0 = Debug|Any CPU
		{EA88FFD4-F8AD-4015-AC7B-BD41789F51C9}.Debug|Mixed Platforms.ActiveCfg = Debug|Any CPU
		{EA88FFD4-F8AD-4015-AC7B-BD41789F51C9}.Debug|Mixed Platforms.Build.0 = Debug|Any CPU
		{EA88FFD4-F8AD-4015-AC7B-BD41789F51C9}.Debug|x86.ActiveCfg = Debug|Any CPU
		{EA88FFD4-F8AD-4015-AC7B-BD41789F51C9}.Debug|x86.Build.0 = Debug|Any CPU
		{EA88FFD4-F8AD-4015-AC7B-BD41789F51C9}.Release|Any CPU.ActiveCfg = Release|Any CPU
		{EA88FFD4-F8AD-4015-AC7B-BD41789F51C9}.Release|Any CPU.Build.0 = Release|Any CPU
		{EA88FFD4-F8AD-4015-AC7B-BD41789F51C9}.Release|Mixed Platforms.ActiveCfg = Release|Any CPU
		{EA88FFD4-F8AD-4015-AC7B-BD41789F51C9}.Release|Mixed Platforms.Build.0 = Release|Any CPU
		{EA88FFD4-F8AD-4015-AC7B-BD41789F51C9}.Release|x86.ActiveCfg = Release|Any CPU
		{EA88FFD4-F8AD-4015-AC7B-BD41789F51C9}.Release|x86.Build.0 = Release|Any CPU
		{95013283-1927-4881-A02A-8632D721CAC8}.Debug|Any CPU.ActiveCfg = Debug|Any CPU
		{95013283-1927-4881-A02A-8632D721CAC8}.Debug|Any CPU.Build.0 = Debug|Any CPU
		{95013283-1927-4881-A02A-8632D721CAC8}.Debug|Mixed Platforms.ActiveCfg = Debug|Any CPU
		{95013283-1927-4881-A02A-8632D721CAC8}.Debug|Mixed Platforms.Build.0 = Debug|Any CPU
		{95013283-1927-4881-A02A-8632D721CAC8}.Debug|x86.ActiveCfg = Debug|Any CPU
		{95013283-1927-4881-A02A-8632D721CAC8}.Debug|x86.Build.0 = Debug|Any CPU
		{95013283-1927-4881-A02A-8632D721CAC8}.Release|Any CPU.ActiveCfg = Debug|Any CPU
		{95013283-1927-4881-A02A-8632D721CAC8}.Release|Any CPU.Build.0 = Debug|Any CPU
		{95013283-1927-4881-A02A-8632D721CAC8}.Release|Mixed Platforms.ActiveCfg = Release|Any CPU
		{95013283-1927-4881-A02A-8632D721CAC8}.Release|Mixed Platforms.Build.0 = Release|Any CPU
		{95013283-1927-4881-A02A-8632D721CAC8}.Release|x86.ActiveCfg = Release|Any CPU
		{95013283-1927-4881-A02A-8632D721CAC8}.Release|x86.Build.0 = Release|Any CPU
		{E126857C-58D7-4219-8E14-3B259C173627}.Debug|Any CPU.ActiveCfg = Debug|Any CPU
		{E126857C-58D7-4219-8E14-3B259C173627}.Debug|Any CPU.Build.0 = Debug|Any CPU
		{E126857C-58D7-4219-8E14-3B259C173627}.Debug|Mixed Platforms.ActiveCfg = Debug|Any CPU
		{E126857C-58D7-4219-8E14-3B259C173627}.Debug|Mixed Platforms.Build.0 = Debug|Any CPU
		{E126857C-58D7-4219-8E14-3B259C173627}.Debug|x86.ActiveCfg = Debug|Any CPU
		{E126857C-58D7-4219-8E14-3B259C173627}.Debug|x86.Build.0 = Debug|Any CPU
		{E126857C-58D7-4219-8E14-3B259C173627}.Release|Any CPU.ActiveCfg = Release|Any CPU
		{E126857C-58D7-4219-8E14-3B259C173627}.Release|Any CPU.Build.0 = Release|Any CPU
		{E126857C-58D7-4219-8E14-3B259C173627}.Release|Mixed Platforms.ActiveCfg = Release|Any CPU
		{E126857C-58D7-4219-8E14-3B259C173627}.Release|Mixed Platforms.Build.0 = Release|Any CPU
		{E126857C-58D7-4219-8E14-3B259C173627}.Release|x86.ActiveCfg = Release|Any CPU
		{E126857C-58D7-4219-8E14-3B259C173627}.Release|x86.Build.0 = Release|Any CPU
		{8F57EFCF-AAB0-4078-855B-D4F23AC5443B}.Debug|Any CPU.ActiveCfg = Debug|Any CPU
		{8F57EFCF-AAB0-4078-855B-D4F23AC5443B}.Debug|Any CPU.Build.0 = Debug|Any CPU
		{8F57EFCF-AAB0-4078-855B-D4F23AC5443B}.Debug|Mixed Platforms.ActiveCfg = Debug|Any CPU
		{8F57EFCF-AAB0-4078-855B-D4F23AC5443B}.Debug|Mixed Platforms.Build.0 = Debug|Any CPU
		{8F57EFCF-AAB0-4078-855B-D4F23AC5443B}.Debug|x86.ActiveCfg = Debug|Any CPU
		{8F57EFCF-AAB0-4078-855B-D4F23AC5443B}.Debug|x86.Build.0 = Debug|Any CPU
		{8F57EFCF-AAB0-4078-855B-D4F23AC5443B}.Release|Any CPU.ActiveCfg = Release|Any CPU
		{8F57EFCF-AAB0-4078-855B-D4F23AC5443B}.Release|Any CPU.Build.0 = Release|Any CPU
		{8F57EFCF-AAB0-4078-855B-D4F23AC5443B}.Release|Mixed Platforms.ActiveCfg = Release|Any CPU
		{8F57EFCF-AAB0-4078-855B-D4F23AC5443B}.Release|Mixed Platforms.Build.0 = Release|Any CPU
		{8F57EFCF-AAB0-4078-855B-D4F23AC5443B}.Release|x86.ActiveCfg = Release|Any CPU
		{8F57EFCF-AAB0-4078-855B-D4F23AC5443B}.Release|x86.Build.0 = Release|Any CPU
		{C0AC957F-89BA-4BE6-90DF-78FE1274378D}.Debug|Any CPU.ActiveCfg = Debug|Any CPU
		{C0AC957F-89BA-4BE6-90DF-78FE1274378D}.Debug|Any CPU.Build.0 = Debug|Any CPU
		{C0AC957F-89BA-4BE6-90DF-78FE1274378D}.Debug|Mixed Platforms.ActiveCfg = Debug|Any CPU
		{C0AC957F-89BA-4BE6-90DF-78FE1274378D}.Debug|Mixed Platforms.Build.0 = Debug|Any CPU
		{C0AC957F-89BA-4BE6-90DF-78FE1274378D}.Debug|x86.ActiveCfg = Debug|Any CPU
		{C0AC957F-89BA-4BE6-90DF-78FE1274378D}.Debug|x86.Build.0 = Debug|Any CPU
		{C0AC957F-89BA-4BE6-90DF-78FE1274378D}.Release|Any CPU.ActiveCfg = Release|Any CPU
		{C0AC957F-89BA-4BE6-90DF-78FE1274378D}.Release|Any CPU.Build.0 = Release|Any CPU
		{C0AC957F-89BA-4BE6-90DF-78FE1274378D}.Release|Mixed Platforms.ActiveCfg = Release|Any CPU
		{C0AC957F-89BA-4BE6-90DF-78FE1274378D}.Release|Mixed Platforms.Build.0 = Release|Any CPU
		{C0AC957F-89BA-4BE6-90DF-78FE1274378D}.Release|x86.ActiveCfg = Release|Any CPU
		{C0AC957F-89BA-4BE6-90DF-78FE1274378D}.Release|x86.Build.0 = Release|Any CPU
		{EA9C34F7-D21E-4472-AEF1-2A95F09A0929}.Debug|Any CPU.ActiveCfg = Debug|Any CPU
		{EA9C34F7-D21E-4472-AEF1-2A95F09A0929}.Debug|Any CPU.Build.0 = Debug|Any CPU
		{EA9C34F7-D21E-4472-AEF1-2A95F09A0929}.Debug|Mixed Platforms.ActiveCfg = Debug|Any CPU
		{EA9C34F7-D21E-4472-AEF1-2A95F09A0929}.Debug|Mixed Platforms.Build.0 = Debug|Any CPU
		{EA9C34F7-D21E-4472-AEF1-2A95F09A0929}.Debug|x86.ActiveCfg = Debug|Any CPU
		{EA9C34F7-D21E-4472-AEF1-2A95F09A0929}.Debug|x86.Build.0 = Debug|Any CPU
		{EA9C34F7-D21E-4472-AEF1-2A95F09A0929}.Release|Any CPU.ActiveCfg = Release|Any CPU
		{EA9C34F7-D21E-4472-AEF1-2A95F09A0929}.Release|Any CPU.Build.0 = Release|Any CPU
		{EA9C34F7-D21E-4472-AEF1-2A95F09A0929}.Release|Mixed Platforms.ActiveCfg = Release|Any CPU
		{EA9C34F7-D21E-4472-AEF1-2A95F09A0929}.Release|Mixed Platforms.Build.0 = Release|Any CPU
		{EA9C34F7-D21E-4472-AEF1-2A95F09A0929}.Release|x86.ActiveCfg = Release|Any CPU
		{EA9C34F7-D21E-4472-AEF1-2A95F09A0929}.Release|x86.Build.0 = Release|Any CPU
		{C5CF77DF-14EC-42C8-A925-7715A02185F5}.Debug|Any CPU.ActiveCfg = Debug|Any CPU
		{C5CF77DF-14EC-42C8-A925-7715A02185F5}.Debug|Any CPU.Build.0 = Debug|Any CPU
		{C5CF77DF-14EC-42C8-A925-7715A02185F5}.Debug|Mixed Platforms.ActiveCfg = Debug|Any CPU
		{C5CF77DF-14EC-42C8-A925-7715A02185F5}.Debug|Mixed Platforms.Build.0 = Debug|Any CPU
		{C5CF77DF-14EC-42C8-A925-7715A02185F5}.Debug|x86.ActiveCfg = Debug|Any CPU
		{C5CF77DF-14EC-42C8-A925-7715A02185F5}.Debug|x86.Build.0 = Debug|Any CPU
		{C5CF77DF-14EC-42C8-A925-7715A02185F5}.Release|Any CPU.ActiveCfg = Release|Any CPU
		{C5CF77DF-14EC-42C8-A925-7715A02185F5}.Release|Any CPU.Build.0 = Release|Any CPU
		{C5CF77DF-14EC-42C8-A925-7715A02185F5}.Release|Mixed Platforms.ActiveCfg = Release|Any CPU
		{C5CF77DF-14EC-42C8-A925-7715A02185F5}.Release|Mixed Platforms.Build.0 = Release|Any CPU
		{C5CF77DF-14EC-42C8-A925-7715A02185F5}.Release|x86.ActiveCfg = Release|Any CPU
		{C5CF77DF-14EC-42C8-A925-7715A02185F5}.Release|x86.Build.0 = Release|Any CPU
		{1B8FE8B3-52E0-4E02-8F9E-B2B7730BB345}.Debug|Any CPU.ActiveCfg = Debug|Any CPU
		{1B8FE8B3-52E0-4E02-8F9E-B2B7730BB345}.Debug|Any CPU.Build.0 = Debug|Any CPU
		{1B8FE8B3-52E0-4E02-8F9E-B2B7730BB345}.Debug|Mixed Platforms.ActiveCfg = Debug|Any CPU
		{1B8FE8B3-52E0-4E02-8F9E-B2B7730BB345}.Debug|Mixed Platforms.Build.0 = Debug|Any CPU
		{1B8FE8B3-52E0-4E02-8F9E-B2B7730BB345}.Debug|x86.ActiveCfg = Debug|Any CPU
		{1B8FE8B3-52E0-4E02-8F9E-B2B7730BB345}.Debug|x86.Build.0 = Debug|Any CPU
		{1B8FE8B3-52E0-4E02-8F9E-B2B7730BB345}.Release|Any CPU.ActiveCfg = Release|Any CPU
		{1B8FE8B3-52E0-4E02-8F9E-B2B7730BB345}.Release|Any CPU.Build.0 = Release|Any CPU
		{1B8FE8B3-52E0-4E02-8F9E-B2B7730BB345}.Release|Mixed Platforms.ActiveCfg = Release|Any CPU
		{1B8FE8B3-52E0-4E02-8F9E-B2B7730BB345}.Release|Mixed Platforms.Build.0 = Release|Any CPU
		{1B8FE8B3-52E0-4E02-8F9E-B2B7730BB345}.Release|x86.ActiveCfg = Release|Any CPU
		{1B8FE8B3-52E0-4E02-8F9E-B2B7730BB345}.Release|x86.Build.0 = Release|Any CPU
		{39FEFAC0-6749-4B9D-976B-59F077215E10}.Debug|Any CPU.ActiveCfg = Debug|Any CPU
		{39FEFAC0-6749-4B9D-976B-59F077215E10}.Debug|Any CPU.Build.0 = Debug|Any CPU
		{39FEFAC0-6749-4B9D-976B-59F077215E10}.Debug|Mixed Platforms.ActiveCfg = Debug|Any CPU
		{39FEFAC0-6749-4B9D-976B-59F077215E10}.Debug|Mixed Platforms.Build.0 = Debug|Any CPU
		{39FEFAC0-6749-4B9D-976B-59F077215E10}.Debug|x86.ActiveCfg = Debug|Any CPU
		{39FEFAC0-6749-4B9D-976B-59F077215E10}.Debug|x86.Build.0 = Debug|Any CPU
		{39FEFAC0-6749-4B9D-976B-59F077215E10}.Release|Any CPU.ActiveCfg = Release|Any CPU
		{39FEFAC0-6749-4B9D-976B-59F077215E10}.Release|Any CPU.Build.0 = Release|Any CPU
		{39FEFAC0-6749-4B9D-976B-59F077215E10}.Release|Mixed Platforms.ActiveCfg = Release|Any CPU
		{39FEFAC0-6749-4B9D-976B-59F077215E10}.Release|Mixed Platforms.Build.0 = Release|Any CPU
		{39FEFAC0-6749-4B9D-976B-59F077215E10}.Release|x86.ActiveCfg = Release|Any CPU
		{39FEFAC0-6749-4B9D-976B-59F077215E10}.Release|x86.Build.0 = Release|Any CPU
		{19442662-61AC-41C5-80C1-09F2196B4985}.Debug|Any CPU.ActiveCfg = Debug|Any CPU
		{19442662-61AC-41C5-80C1-09F2196B4985}.Debug|Any CPU.Build.0 = Debug|Any CPU
		{19442662-61AC-41C5-80C1-09F2196B4985}.Debug|Mixed Platforms.ActiveCfg = Debug|Any CPU
		{19442662-61AC-41C5-80C1-09F2196B4985}.Debug|Mixed Platforms.Build.0 = Debug|Any CPU
		{19442662-61AC-41C5-80C1-09F2196B4985}.Debug|x86.ActiveCfg = Debug|Any CPU
		{19442662-61AC-41C5-80C1-09F2196B4985}.Debug|x86.Build.0 = Debug|Any CPU
		{19442662-61AC-41C5-80C1-09F2196B4985}.Release|Any CPU.ActiveCfg = Release|Any CPU
		{19442662-61AC-41C5-80C1-09F2196B4985}.Release|Any CPU.Build.0 = Release|Any CPU
		{19442662-61AC-41C5-80C1-09F2196B4985}.Release|Mixed Platforms.ActiveCfg = Release|Any CPU
		{19442662-61AC-41C5-80C1-09F2196B4985}.Release|Mixed Platforms.Build.0 = Release|Any CPU
		{19442662-61AC-41C5-80C1-09F2196B4985}.Release|x86.ActiveCfg = Release|Any CPU
		{19442662-61AC-41C5-80C1-09F2196B4985}.Release|x86.Build.0 = Release|Any CPU
		{15C7D0A2-2C20-49DF-B795-3ED1AEDC1A19}.Debug|Any CPU.ActiveCfg = Debug|Any CPU
		{15C7D0A2-2C20-49DF-B795-3ED1AEDC1A19}.Debug|Any CPU.Build.0 = Debug|Any CPU
		{15C7D0A2-2C20-49DF-B795-3ED1AEDC1A19}.Debug|Mixed Platforms.ActiveCfg = Debug|Any CPU
		{15C7D0A2-2C20-49DF-B795-3ED1AEDC1A19}.Debug|Mixed Platforms.Build.0 = Debug|Any CPU
		{15C7D0A2-2C20-49DF-B795-3ED1AEDC1A19}.Debug|x86.ActiveCfg = Debug|Any CPU
		{15C7D0A2-2C20-49DF-B795-3ED1AEDC1A19}.Debug|x86.Build.0 = Debug|Any CPU
		{15C7D0A2-2C20-49DF-B795-3ED1AEDC1A19}.Release|Any CPU.ActiveCfg = Release|Any CPU
		{15C7D0A2-2C20-49DF-B795-3ED1AEDC1A19}.Release|Any CPU.Build.0 = Release|Any CPU
		{15C7D0A2-2C20-49DF-B795-3ED1AEDC1A19}.Release|Mixed Platforms.ActiveCfg = Release|Any CPU
		{15C7D0A2-2C20-49DF-B795-3ED1AEDC1A19}.Release|Mixed Platforms.Build.0 = Release|Any CPU
		{15C7D0A2-2C20-49DF-B795-3ED1AEDC1A19}.Release|x86.ActiveCfg = Release|Any CPU
		{15C7D0A2-2C20-49DF-B795-3ED1AEDC1A19}.Release|x86.Build.0 = Release|Any CPU
		{0E6FC537-4FB5-4784-A03C-D21D6352AD87}.Debug|Any CPU.ActiveCfg = Debug|Any CPU
		{0E6FC537-4FB5-4784-A03C-D21D6352AD87}.Debug|Any CPU.Build.0 = Debug|Any CPU
		{0E6FC537-4FB5-4784-A03C-D21D6352AD87}.Debug|Mixed Platforms.ActiveCfg = Debug|Any CPU
		{0E6FC537-4FB5-4784-A03C-D21D6352AD87}.Debug|Mixed Platforms.Build.0 = Debug|Any CPU
		{0E6FC537-4FB5-4784-A03C-D21D6352AD87}.Debug|x86.ActiveCfg = Debug|Any CPU
		{0E6FC537-4FB5-4784-A03C-D21D6352AD87}.Debug|x86.Build.0 = Debug|Any CPU
		{0E6FC537-4FB5-4784-A03C-D21D6352AD87}.Release|Any CPU.ActiveCfg = Release|Any CPU
		{0E6FC537-4FB5-4784-A03C-D21D6352AD87}.Release|Any CPU.Build.0 = Release|Any CPU
		{0E6FC537-4FB5-4784-A03C-D21D6352AD87}.Release|Mixed Platforms.ActiveCfg = Release|Any CPU
		{0E6FC537-4FB5-4784-A03C-D21D6352AD87}.Release|Mixed Platforms.Build.0 = Release|Any CPU
		{0E6FC537-4FB5-4784-A03C-D21D6352AD87}.Release|x86.ActiveCfg = Release|Any CPU
		{0E6FC537-4FB5-4784-A03C-D21D6352AD87}.Release|x86.Build.0 = Release|Any CPU
		{F74F6A52-87B5-489A-8C13-1CF6C5E07440}.Debug|Any CPU.ActiveCfg = Debug|Any CPU
		{F74F6A52-87B5-489A-8C13-1CF6C5E07440}.Debug|Any CPU.Build.0 = Debug|Any CPU
		{F74F6A52-87B5-489A-8C13-1CF6C5E07440}.Debug|Mixed Platforms.ActiveCfg = Debug|Any CPU
		{F74F6A52-87B5-489A-8C13-1CF6C5E07440}.Debug|Mixed Platforms.Build.0 = Debug|Any CPU
		{F74F6A52-87B5-489A-8C13-1CF6C5E07440}.Debug|x86.ActiveCfg = Debug|Any CPU
		{F74F6A52-87B5-489A-8C13-1CF6C5E07440}.Debug|x86.Build.0 = Debug|Any CPU
		{F74F6A52-87B5-489A-8C13-1CF6C5E07440}.Release|Any CPU.ActiveCfg = Release|Any CPU
		{F74F6A52-87B5-489A-8C13-1CF6C5E07440}.Release|Any CPU.Build.0 = Release|Any CPU
		{F74F6A52-87B5-489A-8C13-1CF6C5E07440}.Release|Mixed Platforms.ActiveCfg = Release|Any CPU
		{F74F6A52-87B5-489A-8C13-1CF6C5E07440}.Release|Mixed Platforms.Build.0 = Release|Any CPU
		{F74F6A52-87B5-489A-8C13-1CF6C5E07440}.Release|x86.ActiveCfg = Release|Any CPU
		{F74F6A52-87B5-489A-8C13-1CF6C5E07440}.Release|x86.Build.0 = Release|Any CPU
		{B1A731D8-685F-46D8-BD60-3F81B00B5590}.Debug|Any CPU.ActiveCfg = Debug|Any CPU
		{B1A731D8-685F-46D8-BD60-3F81B00B5590}.Debug|Any CPU.Build.0 = Debug|Any CPU
		{B1A731D8-685F-46D8-BD60-3F81B00B5590}.Debug|Mixed Platforms.ActiveCfg = Debug|Any CPU
		{B1A731D8-685F-46D8-BD60-3F81B00B5590}.Debug|Mixed Platforms.Build.0 = Debug|Any CPU
		{B1A731D8-685F-46D8-BD60-3F81B00B5590}.Debug|x86.ActiveCfg = Debug|Any CPU
		{B1A731D8-685F-46D8-BD60-3F81B00B5590}.Debug|x86.Build.0 = Debug|Any CPU
		{B1A731D8-685F-46D8-BD60-3F81B00B5590}.Release|Any CPU.ActiveCfg = Release|Any CPU
		{B1A731D8-685F-46D8-BD60-3F81B00B5590}.Release|Any CPU.Build.0 = Release|Any CPU
		{B1A731D8-685F-46D8-BD60-3F81B00B5590}.Release|Mixed Platforms.ActiveCfg = Release|Any CPU
		{B1A731D8-685F-46D8-BD60-3F81B00B5590}.Release|Mixed Platforms.Build.0 = Release|Any CPU
		{B1A731D8-685F-46D8-BD60-3F81B00B5590}.Release|x86.ActiveCfg = Release|Any CPU
		{B1A731D8-685F-46D8-BD60-3F81B00B5590}.Release|x86.Build.0 = Release|Any CPU
		{DC717A77-04F1-4CF6-96FD-9A98C534807D}.Debug|Any CPU.ActiveCfg = Debug|Any CPU
		{DC717A77-04F1-4CF6-96FD-9A98C534807D}.Debug|Any CPU.Build.0 = Debug|Any CPU
		{DC717A77-04F1-4CF6-96FD-9A98C534807D}.Debug|Mixed Platforms.ActiveCfg = Debug|Any CPU
		{DC717A77-04F1-4CF6-96FD-9A98C534807D}.Debug|Mixed Platforms.Build.0 = Debug|Any CPU
		{DC717A77-04F1-4CF6-96FD-9A98C534807D}.Debug|x86.ActiveCfg = Debug|Any CPU
		{DC717A77-04F1-4CF6-96FD-9A98C534807D}.Debug|x86.Build.0 = Debug|Any CPU
		{DC717A77-04F1-4CF6-96FD-9A98C534807D}.Release|Any CPU.ActiveCfg = Release|Any CPU
		{DC717A77-04F1-4CF6-96FD-9A98C534807D}.Release|Any CPU.Build.0 = Release|Any CPU
		{DC717A77-04F1-4CF6-96FD-9A98C534807D}.Release|Mixed Platforms.ActiveCfg = Release|Any CPU
		{DC717A77-04F1-4CF6-96FD-9A98C534807D}.Release|Mixed Platforms.Build.0 = Release|Any CPU
		{DC717A77-04F1-4CF6-96FD-9A98C534807D}.Release|x86.ActiveCfg = Release|Any CPU
		{DC717A77-04F1-4CF6-96FD-9A98C534807D}.Release|x86.Build.0 = Release|Any CPU
		{07D89F10-0316-4A28-AB9D-6DF4B640CE30}.Debug|Any CPU.ActiveCfg = Debug|Any CPU
		{07D89F10-0316-4A28-AB9D-6DF4B640CE30}.Debug|Any CPU.Build.0 = Debug|Any CPU
		{07D89F10-0316-4A28-AB9D-6DF4B640CE30}.Debug|Mixed Platforms.ActiveCfg = Debug|Any CPU
		{07D89F10-0316-4A28-AB9D-6DF4B640CE30}.Debug|Mixed Platforms.Build.0 = Debug|Any CPU
		{07D89F10-0316-4A28-AB9D-6DF4B640CE30}.Debug|x86.ActiveCfg = Debug|Any CPU
		{07D89F10-0316-4A28-AB9D-6DF4B640CE30}.Debug|x86.Build.0 = Debug|Any CPU
		{07D89F10-0316-4A28-AB9D-6DF4B640CE30}.Release|Any CPU.ActiveCfg = Release|Any CPU
		{07D89F10-0316-4A28-AB9D-6DF4B640CE30}.Release|Any CPU.Build.0 = Release|Any CPU
		{07D89F10-0316-4A28-AB9D-6DF4B640CE30}.Release|Mixed Platforms.ActiveCfg = Release|Any CPU
		{07D89F10-0316-4A28-AB9D-6DF4B640CE30}.Release|Mixed Platforms.Build.0 = Release|Any CPU
		{07D89F10-0316-4A28-AB9D-6DF4B640CE30}.Release|x86.ActiveCfg = Release|Any CPU
		{07D89F10-0316-4A28-AB9D-6DF4B640CE30}.Release|x86.Build.0 = Release|Any CPU
		{6BA2DD0F-3408-4A77-8418-BB4794EDE0F4}.Debug|Any CPU.ActiveCfg = Debug|Any CPU
		{6BA2DD0F-3408-4A77-8418-BB4794EDE0F4}.Debug|Any CPU.Build.0 = Debug|Any CPU
		{6BA2DD0F-3408-4A77-8418-BB4794EDE0F4}.Debug|Mixed Platforms.ActiveCfg = Debug|Any CPU
		{6BA2DD0F-3408-4A77-8418-BB4794EDE0F4}.Debug|Mixed Platforms.Build.0 = Debug|Any CPU
		{6BA2DD0F-3408-4A77-8418-BB4794EDE0F4}.Debug|x86.ActiveCfg = Debug|Any CPU
		{6BA2DD0F-3408-4A77-8418-BB4794EDE0F4}.Debug|x86.Build.0 = Debug|Any CPU
		{6BA2DD0F-3408-4A77-8418-BB4794EDE0F4}.Release|Any CPU.ActiveCfg = Release|Any CPU
		{6BA2DD0F-3408-4A77-8418-BB4794EDE0F4}.Release|Any CPU.Build.0 = Release|Any CPU
		{6BA2DD0F-3408-4A77-8418-BB4794EDE0F4}.Release|Mixed Platforms.ActiveCfg = Release|Any CPU
		{6BA2DD0F-3408-4A77-8418-BB4794EDE0F4}.Release|Mixed Platforms.Build.0 = Release|Any CPU
		{6BA2DD0F-3408-4A77-8418-BB4794EDE0F4}.Release|x86.ActiveCfg = Release|Any CPU
		{6BA2DD0F-3408-4A77-8418-BB4794EDE0F4}.Release|x86.Build.0 = Release|Any CPU
		{C91CD2ED-4BC2-4663-B169-63749557CE99}.Debug|Any CPU.ActiveCfg = Debug|Any CPU
		{C91CD2ED-4BC2-4663-B169-63749557CE99}.Debug|Any CPU.Build.0 = Debug|Any CPU
		{C91CD2ED-4BC2-4663-B169-63749557CE99}.Debug|Mixed Platforms.ActiveCfg = Debug|Any CPU
		{C91CD2ED-4BC2-4663-B169-63749557CE99}.Debug|Mixed Platforms.Build.0 = Debug|Any CPU
		{C91CD2ED-4BC2-4663-B169-63749557CE99}.Debug|x86.ActiveCfg = Debug|Any CPU
		{C91CD2ED-4BC2-4663-B169-63749557CE99}.Debug|x86.Build.0 = Debug|Any CPU
		{C91CD2ED-4BC2-4663-B169-63749557CE99}.Release|Any CPU.ActiveCfg = Release|Any CPU
		{C91CD2ED-4BC2-4663-B169-63749557CE99}.Release|Any CPU.Build.0 = Release|Any CPU
		{C91CD2ED-4BC2-4663-B169-63749557CE99}.Release|Mixed Platforms.ActiveCfg = Release|Any CPU
		{C91CD2ED-4BC2-4663-B169-63749557CE99}.Release|Mixed Platforms.Build.0 = Release|Any CPU
		{C91CD2ED-4BC2-4663-B169-63749557CE99}.Release|x86.ActiveCfg = Release|Any CPU
		{C91CD2ED-4BC2-4663-B169-63749557CE99}.Release|x86.Build.0 = Release|Any CPU
		{C158552E-BDB1-4170-89D8-9AE86664E8BA}.Debug|Any CPU.ActiveCfg = Debug|Any CPU
		{C158552E-BDB1-4170-89D8-9AE86664E8BA}.Debug|Any CPU.Build.0 = Debug|Any CPU
		{C158552E-BDB1-4170-89D8-9AE86664E8BA}.Debug|Mixed Platforms.ActiveCfg = Debug|Any CPU
		{C158552E-BDB1-4170-89D8-9AE86664E8BA}.Debug|Mixed Platforms.Build.0 = Debug|Any CPU
		{C158552E-BDB1-4170-89D8-9AE86664E8BA}.Debug|x86.ActiveCfg = Debug|Any CPU
		{C158552E-BDB1-4170-89D8-9AE86664E8BA}.Debug|x86.Build.0 = Debug|Any CPU
		{C158552E-BDB1-4170-89D8-9AE86664E8BA}.Release|Any CPU.ActiveCfg = Release|Any CPU
		{C158552E-BDB1-4170-89D8-9AE86664E8BA}.Release|Any CPU.Build.0 = Release|Any CPU
		{C158552E-BDB1-4170-89D8-9AE86664E8BA}.Release|Mixed Platforms.ActiveCfg = Release|Any CPU
		{C158552E-BDB1-4170-89D8-9AE86664E8BA}.Release|Mixed Platforms.Build.0 = Release|Any CPU
		{C158552E-BDB1-4170-89D8-9AE86664E8BA}.Release|x86.ActiveCfg = Release|Any CPU
		{C158552E-BDB1-4170-89D8-9AE86664E8BA}.Release|x86.Build.0 = Release|Any CPU
		{99FC74BC-9517-448B-BE69-B37FC88CB547}.Debug|Any CPU.ActiveCfg = Debug|Any CPU
		{99FC74BC-9517-448B-BE69-B37FC88CB547}.Debug|Any CPU.Build.0 = Debug|Any CPU
		{99FC74BC-9517-448B-BE69-B37FC88CB547}.Debug|Mixed Platforms.ActiveCfg = Debug|Any CPU
		{99FC74BC-9517-448B-BE69-B37FC88CB547}.Debug|Mixed Platforms.Build.0 = Debug|Any CPU
		{99FC74BC-9517-448B-BE69-B37FC88CB547}.Debug|x86.ActiveCfg = Debug|Any CPU
		{99FC74BC-9517-448B-BE69-B37FC88CB547}.Debug|x86.Build.0 = Debug|Any CPU
		{99FC74BC-9517-448B-BE69-B37FC88CB547}.Release|Any CPU.ActiveCfg = Debug|Any CPU
		{99FC74BC-9517-448B-BE69-B37FC88CB547}.Release|Any CPU.Build.0 = Debug|Any CPU
		{99FC74BC-9517-448B-BE69-B37FC88CB547}.Release|Mixed Platforms.ActiveCfg = Release|Any CPU
		{99FC74BC-9517-448B-BE69-B37FC88CB547}.Release|Mixed Platforms.Build.0 = Release|Any CPU
		{99FC74BC-9517-448B-BE69-B37FC88CB547}.Release|x86.ActiveCfg = Release|Any CPU
		{99FC74BC-9517-448B-BE69-B37FC88CB547}.Release|x86.Build.0 = Release|Any CPU
		{5ADC3FB5-C1A4-4463-B872-F8BD240CDB1D}.Debug|Any CPU.ActiveCfg = Debug|Any CPU
		{5ADC3FB5-C1A4-4463-B872-F8BD240CDB1D}.Debug|Any CPU.Build.0 = Debug|Any CPU
		{5ADC3FB5-C1A4-4463-B872-F8BD240CDB1D}.Debug|Mixed Platforms.ActiveCfg = Debug|Any CPU
		{5ADC3FB5-C1A4-4463-B872-F8BD240CDB1D}.Debug|Mixed Platforms.Build.0 = Debug|Any CPU
		{5ADC3FB5-C1A4-4463-B872-F8BD240CDB1D}.Debug|x86.ActiveCfg = Debug|Any CPU
		{5ADC3FB5-C1A4-4463-B872-F8BD240CDB1D}.Debug|x86.Build.0 = Debug|Any CPU
		{5ADC3FB5-C1A4-4463-B872-F8BD240CDB1D}.Release|Any CPU.ActiveCfg = Release|Any CPU
		{5ADC3FB5-C1A4-4463-B872-F8BD240CDB1D}.Release|Any CPU.Build.0 = Release|Any CPU
		{5ADC3FB5-C1A4-4463-B872-F8BD240CDB1D}.Release|Mixed Platforms.ActiveCfg = Release|Any CPU
		{5ADC3FB5-C1A4-4463-B872-F8BD240CDB1D}.Release|Mixed Platforms.Build.0 = Release|Any CPU
		{5ADC3FB5-C1A4-4463-B872-F8BD240CDB1D}.Release|x86.ActiveCfg = Release|Any CPU
		{5ADC3FB5-C1A4-4463-B872-F8BD240CDB1D}.Release|x86.Build.0 = Release|Any CPU
		{53719BFE-E11D-4B4C-9606-DE01DDF38E88}.Debug|Any CPU.ActiveCfg = Debug|Any CPU
		{53719BFE-E11D-4B4C-9606-DE01DDF38E88}.Debug|Any CPU.Build.0 = Debug|Any CPU
		{53719BFE-E11D-4B4C-9606-DE01DDF38E88}.Debug|Mixed Platforms.ActiveCfg = Debug|Any CPU
		{53719BFE-E11D-4B4C-9606-DE01DDF38E88}.Debug|Mixed Platforms.Build.0 = Debug|Any CPU
		{53719BFE-E11D-4B4C-9606-DE01DDF38E88}.Debug|x86.ActiveCfg = Debug|Any CPU
		{53719BFE-E11D-4B4C-9606-DE01DDF38E88}.Debug|x86.Build.0 = Debug|Any CPU
		{53719BFE-E11D-4B4C-9606-DE01DDF38E88}.Release|Any CPU.ActiveCfg = Release|Any CPU
		{53719BFE-E11D-4B4C-9606-DE01DDF38E88}.Release|Any CPU.Build.0 = Release|Any CPU
		{53719BFE-E11D-4B4C-9606-DE01DDF38E88}.Release|Mixed Platforms.ActiveCfg = Release|Any CPU
		{53719BFE-E11D-4B4C-9606-DE01DDF38E88}.Release|Mixed Platforms.Build.0 = Release|Any CPU
		{53719BFE-E11D-4B4C-9606-DE01DDF38E88}.Release|x86.ActiveCfg = Release|Any CPU
		{53719BFE-E11D-4B4C-9606-DE01DDF38E88}.Release|x86.Build.0 = Release|Any CPU
		{6128075D-10EB-4A58-9A40-8A0B6F6BBC72}.Debug|Any CPU.ActiveCfg = Debug|Any CPU
		{6128075D-10EB-4A58-9A40-8A0B6F6BBC72}.Debug|Any CPU.Build.0 = Debug|Any CPU
		{6128075D-10EB-4A58-9A40-8A0B6F6BBC72}.Debug|Mixed Platforms.ActiveCfg = Debug|Any CPU
		{6128075D-10EB-4A58-9A40-8A0B6F6BBC72}.Debug|Mixed Platforms.Build.0 = Debug|Any CPU
		{6128075D-10EB-4A58-9A40-8A0B6F6BBC72}.Debug|x86.ActiveCfg = Debug|Any CPU
		{6128075D-10EB-4A58-9A40-8A0B6F6BBC72}.Debug|x86.Build.0 = Debug|Any CPU
		{6128075D-10EB-4A58-9A40-8A0B6F6BBC72}.Release|Any CPU.ActiveCfg = Release|Any CPU
		{6128075D-10EB-4A58-9A40-8A0B6F6BBC72}.Release|Any CPU.Build.0 = Release|Any CPU
		{6128075D-10EB-4A58-9A40-8A0B6F6BBC72}.Release|Mixed Platforms.ActiveCfg = Release|Any CPU
		{6128075D-10EB-4A58-9A40-8A0B6F6BBC72}.Release|Mixed Platforms.Build.0 = Release|Any CPU
		{6128075D-10EB-4A58-9A40-8A0B6F6BBC72}.Release|x86.ActiveCfg = Release|Any CPU
		{6128075D-10EB-4A58-9A40-8A0B6F6BBC72}.Release|x86.Build.0 = Release|Any CPU
		{2B6CF3B0-1C89-42F6-81DB-1E5703ED4F61}.Debug|Any CPU.ActiveCfg = Debug|Any CPU
		{2B6CF3B0-1C89-42F6-81DB-1E5703ED4F61}.Debug|Any CPU.Build.0 = Debug|Any CPU
		{2B6CF3B0-1C89-42F6-81DB-1E5703ED4F61}.Debug|Mixed Platforms.ActiveCfg = Debug|Any CPU
		{2B6CF3B0-1C89-42F6-81DB-1E5703ED4F61}.Debug|Mixed Platforms.Build.0 = Debug|Any CPU
		{2B6CF3B0-1C89-42F6-81DB-1E5703ED4F61}.Debug|x86.ActiveCfg = Debug|Any CPU
		{2B6CF3B0-1C89-42F6-81DB-1E5703ED4F61}.Debug|x86.Build.0 = Debug|Any CPU
		{2B6CF3B0-1C89-42F6-81DB-1E5703ED4F61}.Release|Any CPU.ActiveCfg = Release|Any CPU
		{2B6CF3B0-1C89-42F6-81DB-1E5703ED4F61}.Release|Any CPU.Build.0 = Release|Any CPU
		{2B6CF3B0-1C89-42F6-81DB-1E5703ED4F61}.Release|Mixed Platforms.ActiveCfg = Release|Any CPU
		{2B6CF3B0-1C89-42F6-81DB-1E5703ED4F61}.Release|Mixed Platforms.Build.0 = Release|Any CPU
		{2B6CF3B0-1C89-42F6-81DB-1E5703ED4F61}.Release|x86.ActiveCfg = Release|Any CPU
		{2B6CF3B0-1C89-42F6-81DB-1E5703ED4F61}.Release|x86.Build.0 = Release|Any CPU
		{6F87443A-BB93-41F7-A12C-3D63FEDE3CA4}.Debug|Any CPU.ActiveCfg = Debug|Any CPU
		{6F87443A-BB93-41F7-A12C-3D63FEDE3CA4}.Debug|Any CPU.Build.0 = Debug|Any CPU
		{6F87443A-BB93-41F7-A12C-3D63FEDE3CA4}.Debug|Mixed Platforms.ActiveCfg = Debug|Any CPU
		{6F87443A-BB93-41F7-A12C-3D63FEDE3CA4}.Debug|Mixed Platforms.Build.0 = Debug|Any CPU
		{6F87443A-BB93-41F7-A12C-3D63FEDE3CA4}.Debug|x86.ActiveCfg = Debug|Any CPU
		{6F87443A-BB93-41F7-A12C-3D63FEDE3CA4}.Debug|x86.Build.0 = Debug|Any CPU
		{6F87443A-BB93-41F7-A12C-3D63FEDE3CA4}.Release|Any CPU.ActiveCfg = Release|Any CPU
		{6F87443A-BB93-41F7-A12C-3D63FEDE3CA4}.Release|Any CPU.Build.0 = Release|Any CPU
		{6F87443A-BB93-41F7-A12C-3D63FEDE3CA4}.Release|Mixed Platforms.ActiveCfg = Release|Any CPU
		{6F87443A-BB93-41F7-A12C-3D63FEDE3CA4}.Release|Mixed Platforms.Build.0 = Release|Any CPU
		{6F87443A-BB93-41F7-A12C-3D63FEDE3CA4}.Release|x86.ActiveCfg = Release|Any CPU
		{6F87443A-BB93-41F7-A12C-3D63FEDE3CA4}.Release|x86.Build.0 = Release|Any CPU
		{AEC4E2CF-8A8D-475C-85C6-1CB268FF6A43}.Debug|Any CPU.ActiveCfg = Debug|Any CPU
		{AEC4E2CF-8A8D-475C-85C6-1CB268FF6A43}.Debug|Any CPU.Build.0 = Debug|Any CPU
		{AEC4E2CF-8A8D-475C-85C6-1CB268FF6A43}.Debug|Mixed Platforms.ActiveCfg = Debug|Any CPU
		{AEC4E2CF-8A8D-475C-85C6-1CB268FF6A43}.Debug|Mixed Platforms.Build.0 = Debug|Any CPU
		{AEC4E2CF-8A8D-475C-85C6-1CB268FF6A43}.Debug|x86.ActiveCfg = Debug|Any CPU
		{AEC4E2CF-8A8D-475C-85C6-1CB268FF6A43}.Debug|x86.Build.0 = Debug|Any CPU
		{AEC4E2CF-8A8D-475C-85C6-1CB268FF6A43}.Release|Any CPU.ActiveCfg = Release|Any CPU
		{AEC4E2CF-8A8D-475C-85C6-1CB268FF6A43}.Release|Any CPU.Build.0 = Release|Any CPU
		{AEC4E2CF-8A8D-475C-85C6-1CB268FF6A43}.Release|Mixed Platforms.ActiveCfg = Release|Any CPU
		{AEC4E2CF-8A8D-475C-85C6-1CB268FF6A43}.Release|Mixed Platforms.Build.0 = Release|Any CPU
		{AEC4E2CF-8A8D-475C-85C6-1CB268FF6A43}.Release|x86.ActiveCfg = Release|Any CPU
		{AEC4E2CF-8A8D-475C-85C6-1CB268FF6A43}.Release|x86.Build.0 = Release|Any CPU
		{CAA0042C-958A-4C3F-A270-A6842A4DA5E4}.Debug|Any CPU.ActiveCfg = Debug|Any CPU
		{CAA0042C-958A-4C3F-A270-A6842A4DA5E4}.Debug|Any CPU.Build.0 = Debug|Any CPU
		{CAA0042C-958A-4C3F-A270-A6842A4DA5E4}.Debug|Mixed Platforms.ActiveCfg = Debug|Any CPU
		{CAA0042C-958A-4C3F-A270-A6842A4DA5E4}.Debug|Mixed Platforms.Build.0 = Debug|Any CPU
		{CAA0042C-958A-4C3F-A270-A6842A4DA5E4}.Debug|x86.ActiveCfg = Debug|Any CPU
		{CAA0042C-958A-4C3F-A270-A6842A4DA5E4}.Debug|x86.Build.0 = Debug|Any CPU
		{CAA0042C-958A-4C3F-A270-A6842A4DA5E4}.Release|Any CPU.ActiveCfg = Release|Any CPU
		{CAA0042C-958A-4C3F-A270-A6842A4DA5E4}.Release|Any CPU.Build.0 = Release|Any CPU
		{CAA0042C-958A-4C3F-A270-A6842A4DA5E4}.Release|Mixed Platforms.ActiveCfg = Release|Any CPU
		{CAA0042C-958A-4C3F-A270-A6842A4DA5E4}.Release|Mixed Platforms.Build.0 = Release|Any CPU
		{CAA0042C-958A-4C3F-A270-A6842A4DA5E4}.Release|x86.ActiveCfg = Release|Any CPU
		{CAA0042C-958A-4C3F-A270-A6842A4DA5E4}.Release|x86.Build.0 = Release|Any CPU
		{288115BA-6795-4584-A37F-9958CFF40F5F}.Debug|Any CPU.ActiveCfg = Debug|Any CPU
		{288115BA-6795-4584-A37F-9958CFF40F5F}.Debug|Any CPU.Build.0 = Debug|Any CPU
		{288115BA-6795-4584-A37F-9958CFF40F5F}.Debug|Mixed Platforms.ActiveCfg = Debug|Any CPU
		{288115BA-6795-4584-A37F-9958CFF40F5F}.Debug|Mixed Platforms.Build.0 = Debug|Any CPU
		{288115BA-6795-4584-A37F-9958CFF40F5F}.Debug|x86.ActiveCfg = Debug|Any CPU
		{288115BA-6795-4584-A37F-9958CFF40F5F}.Debug|x86.Build.0 = Debug|Any CPU
		{288115BA-6795-4584-A37F-9958CFF40F5F}.Release|Any CPU.ActiveCfg = Release|Any CPU
		{288115BA-6795-4584-A37F-9958CFF40F5F}.Release|Any CPU.Build.0 = Release|Any CPU
		{288115BA-6795-4584-A37F-9958CFF40F5F}.Release|Mixed Platforms.ActiveCfg = Release|Any CPU
		{288115BA-6795-4584-A37F-9958CFF40F5F}.Release|Mixed Platforms.Build.0 = Release|Any CPU
		{288115BA-6795-4584-A37F-9958CFF40F5F}.Release|x86.ActiveCfg = Release|Any CPU
		{288115BA-6795-4584-A37F-9958CFF40F5F}.Release|x86.Build.0 = Release|Any CPU
		{834E3EC1-74CB-45C0-A659-E42F0788C4F4}.Debug|Any CPU.ActiveCfg = Debug|Any CPU
		{834E3EC1-74CB-45C0-A659-E42F0788C4F4}.Debug|Any CPU.Build.0 = Debug|Any CPU
		{834E3EC1-74CB-45C0-A659-E42F0788C4F4}.Debug|Mixed Platforms.ActiveCfg = Debug|Any CPU
		{834E3EC1-74CB-45C0-A659-E42F0788C4F4}.Debug|Mixed Platforms.Build.0 = Debug|Any CPU
		{834E3EC1-74CB-45C0-A659-E42F0788C4F4}.Debug|x86.ActiveCfg = Debug|Any CPU
		{834E3EC1-74CB-45C0-A659-E42F0788C4F4}.Debug|x86.Build.0 = Debug|Any CPU
		{834E3EC1-74CB-45C0-A659-E42F0788C4F4}.Release|Any CPU.ActiveCfg = Release|Any CPU
		{834E3EC1-74CB-45C0-A659-E42F0788C4F4}.Release|Any CPU.Build.0 = Release|Any CPU
		{834E3EC1-74CB-45C0-A659-E42F0788C4F4}.Release|Mixed Platforms.ActiveCfg = Release|Any CPU
		{834E3EC1-74CB-45C0-A659-E42F0788C4F4}.Release|Mixed Platforms.Build.0 = Release|Any CPU
		{834E3EC1-74CB-45C0-A659-E42F0788C4F4}.Release|x86.ActiveCfg = Release|Any CPU
		{834E3EC1-74CB-45C0-A659-E42F0788C4F4}.Release|x86.Build.0 = Release|Any CPU
		{74904C17-4BB8-45BD-8364-1B0F5EAE44BC}.Debug|Any CPU.ActiveCfg = Debug|Any CPU
		{74904C17-4BB8-45BD-8364-1B0F5EAE44BC}.Debug|Any CPU.Build.0 = Debug|Any CPU
		{74904C17-4BB8-45BD-8364-1B0F5EAE44BC}.Debug|Mixed Platforms.ActiveCfg = Debug|Any CPU
		{74904C17-4BB8-45BD-8364-1B0F5EAE44BC}.Debug|Mixed Platforms.Build.0 = Debug|Any CPU
		{74904C17-4BB8-45BD-8364-1B0F5EAE44BC}.Debug|x86.ActiveCfg = Debug|Any CPU
		{74904C17-4BB8-45BD-8364-1B0F5EAE44BC}.Debug|x86.Build.0 = Debug|Any CPU
		{74904C17-4BB8-45BD-8364-1B0F5EAE44BC}.Release|Any CPU.ActiveCfg = Release|Any CPU
		{74904C17-4BB8-45BD-8364-1B0F5EAE44BC}.Release|Any CPU.Build.0 = Release|Any CPU
		{74904C17-4BB8-45BD-8364-1B0F5EAE44BC}.Release|Mixed Platforms.ActiveCfg = Release|Any CPU
		{74904C17-4BB8-45BD-8364-1B0F5EAE44BC}.Release|Mixed Platforms.Build.0 = Release|Any CPU
		{74904C17-4BB8-45BD-8364-1B0F5EAE44BC}.Release|x86.ActiveCfg = Release|Any CPU
		{74904C17-4BB8-45BD-8364-1B0F5EAE44BC}.Release|x86.Build.0 = Release|Any CPU
		{37309487-1EFD-4652-BC3E-3896BDB82EBB}.Debug|Any CPU.ActiveCfg = Debug|Any CPU
		{37309487-1EFD-4652-BC3E-3896BDB82EBB}.Debug|Any CPU.Build.0 = Debug|Any CPU
		{37309487-1EFD-4652-BC3E-3896BDB82EBB}.Debug|Mixed Platforms.ActiveCfg = Debug|Any CPU
		{37309487-1EFD-4652-BC3E-3896BDB82EBB}.Debug|Mixed Platforms.Build.0 = Debug|Any CPU
		{37309487-1EFD-4652-BC3E-3896BDB82EBB}.Debug|x86.ActiveCfg = Debug|Any CPU
		{37309487-1EFD-4652-BC3E-3896BDB82EBB}.Debug|x86.Build.0 = Debug|Any CPU
		{37309487-1EFD-4652-BC3E-3896BDB82EBB}.Release|Any CPU.ActiveCfg = Release|Any CPU
		{37309487-1EFD-4652-BC3E-3896BDB82EBB}.Release|Any CPU.Build.0 = Release|Any CPU
		{37309487-1EFD-4652-BC3E-3896BDB82EBB}.Release|Mixed Platforms.ActiveCfg = Release|Any CPU
		{37309487-1EFD-4652-BC3E-3896BDB82EBB}.Release|Mixed Platforms.Build.0 = Release|Any CPU
		{37309487-1EFD-4652-BC3E-3896BDB82EBB}.Release|x86.ActiveCfg = Release|Any CPU
		{37309487-1EFD-4652-BC3E-3896BDB82EBB}.Release|x86.Build.0 = Release|Any CPU
		{E9946EB2-C9DE-4F24-9644-BCEF32AA8355}.Debug|Any CPU.ActiveCfg = Debug|Any CPU
		{E9946EB2-C9DE-4F24-9644-BCEF32AA8355}.Debug|Any CPU.Build.0 = Debug|Any CPU
		{E9946EB2-C9DE-4F24-9644-BCEF32AA8355}.Debug|Mixed Platforms.ActiveCfg = Debug|Any CPU
		{E9946EB2-C9DE-4F24-9644-BCEF32AA8355}.Debug|Mixed Platforms.Build.0 = Debug|Any CPU
		{E9946EB2-C9DE-4F24-9644-BCEF32AA8355}.Debug|x86.ActiveCfg = Debug|Any CPU
		{E9946EB2-C9DE-4F24-9644-BCEF32AA8355}.Debug|x86.Build.0 = Debug|Any CPU
		{E9946EB2-C9DE-4F24-9644-BCEF32AA8355}.Release|Any CPU.ActiveCfg = Release|Any CPU
		{E9946EB2-C9DE-4F24-9644-BCEF32AA8355}.Release|Any CPU.Build.0 = Release|Any CPU
		{E9946EB2-C9DE-4F24-9644-BCEF32AA8355}.Release|Mixed Platforms.ActiveCfg = Release|Any CPU
		{E9946EB2-C9DE-4F24-9644-BCEF32AA8355}.Release|Mixed Platforms.Build.0 = Release|Any CPU
		{E9946EB2-C9DE-4F24-9644-BCEF32AA8355}.Release|x86.ActiveCfg = Release|Any CPU
		{E9946EB2-C9DE-4F24-9644-BCEF32AA8355}.Release|x86.Build.0 = Release|Any CPU
		{3445776F-7456-462C-8A6C-909CDC7A8F0D}.Debug|Any CPU.ActiveCfg = Debug|Any CPU
		{3445776F-7456-462C-8A6C-909CDC7A8F0D}.Debug|Any CPU.Build.0 = Debug|Any CPU
		{3445776F-7456-462C-8A6C-909CDC7A8F0D}.Debug|Mixed Platforms.ActiveCfg = Debug|Any CPU
		{3445776F-7456-462C-8A6C-909CDC7A8F0D}.Debug|Mixed Platforms.Build.0 = Debug|Any CPU
		{3445776F-7456-462C-8A6C-909CDC7A8F0D}.Debug|x86.ActiveCfg = Debug|Any CPU
		{3445776F-7456-462C-8A6C-909CDC7A8F0D}.Debug|x86.Build.0 = Debug|Any CPU
		{3445776F-7456-462C-8A6C-909CDC7A8F0D}.Release|Any CPU.ActiveCfg = Release|Any CPU
		{3445776F-7456-462C-8A6C-909CDC7A8F0D}.Release|Any CPU.Build.0 = Release|Any CPU
		{3445776F-7456-462C-8A6C-909CDC7A8F0D}.Release|Mixed Platforms.ActiveCfg = Release|Any CPU
		{3445776F-7456-462C-8A6C-909CDC7A8F0D}.Release|Mixed Platforms.Build.0 = Release|Any CPU
		{3445776F-7456-462C-8A6C-909CDC7A8F0D}.Release|x86.ActiveCfg = Release|Any CPU
		{3445776F-7456-462C-8A6C-909CDC7A8F0D}.Release|x86.Build.0 = Release|Any CPU
		{5E7FD329-E8EF-432E-AC48-B1C5B0C56F13}.Debug|Any CPU.ActiveCfg = Debug|Any CPU
		{5E7FD329-E8EF-432E-AC48-B1C5B0C56F13}.Debug|Any CPU.Build.0 = Debug|Any CPU
		{5E7FD329-E8EF-432E-AC48-B1C5B0C56F13}.Debug|Mixed Platforms.ActiveCfg = Debug|Any CPU
		{5E7FD329-E8EF-432E-AC48-B1C5B0C56F13}.Debug|Mixed Platforms.Build.0 = Debug|Any CPU
		{5E7FD329-E8EF-432E-AC48-B1C5B0C56F13}.Debug|x86.ActiveCfg = Debug|Any CPU
		{5E7FD329-E8EF-432E-AC48-B1C5B0C56F13}.Debug|x86.Build.0 = Debug|Any CPU
		{5E7FD329-E8EF-432E-AC48-B1C5B0C56F13}.Release|Any CPU.ActiveCfg = Release|Any CPU
		{5E7FD329-E8EF-432E-AC48-B1C5B0C56F13}.Release|Any CPU.Build.0 = Release|Any CPU
		{5E7FD329-E8EF-432E-AC48-B1C5B0C56F13}.Release|Mixed Platforms.ActiveCfg = Release|Any CPU
		{5E7FD329-E8EF-432E-AC48-B1C5B0C56F13}.Release|Mixed Platforms.Build.0 = Release|Any CPU
		{5E7FD329-E8EF-432E-AC48-B1C5B0C56F13}.Release|x86.ActiveCfg = Release|Any CPU
		{5E7FD329-E8EF-432E-AC48-B1C5B0C56F13}.Release|x86.Build.0 = Release|Any CPU
	EndGlobalSection
	GlobalSection(SolutionProperties) = preSolution
		HideSolutionNode = FALSE
	EndGlobalSection
	GlobalSection(NestedProjects) = preSolution
		{4F1F649C-1020-45BE-A487-F416D9297FF3} = {B09156FB-8291-46A2-AF37-67CE97CFB5A6}
		{6BDA8332-939F-45B7-A25E-7A797260AE59} = {E4ACA93B-D3DE-4557-B069-F1DB42925A4B}
		{CCD7F2C9-6A2C-4CF0-8E89-076B8FC0F144} = {E4ACA93B-D3DE-4557-B069-F1DB42925A4B}
		{210541AD-F659-47DA-8763-16F36C5CD2F4} = {E4ACA93B-D3DE-4557-B069-F1DB42925A4B}
		{0D303E2D-0367-4F66-AC03-F1658FBBB24D} = {A340B280-C12B-47E7-90B7-89C650F8AAFC}
		{5DCBE5B1-1A02-48E7-9853-5FCEF2A36805} = {A340B280-C12B-47E7-90B7-89C650F8AAFC}
		{7A9BDC6A-F880-43D5-9B2A-59C1674CE449} = {A340B280-C12B-47E7-90B7-89C650F8AAFC}
		{1D9EB579-3630-468A-BE94-49E7DF4F6E1D} = {A340B280-C12B-47E7-90B7-89C650F8AAFC}
		{57718244-1B22-4637-9DBF-F5D8E460FC95} = {A340B280-C12B-47E7-90B7-89C650F8AAFC}
		{9A7B9344-6AD0-4828-876D-0BF14C177148} = {7881B112-7843-4542-B1F7-F99553FB9BB7}
		{75FD4163-333C-4DD5-854D-2EF294E45D94} = {B09156FB-8291-46A2-AF37-67CE97CFB5A6}
		{98CA7487-6ADE-4773-BD0A-29255F443236} = {7881B112-7843-4542-B1F7-F99553FB9BB7}
		{8D73A283-0611-4673-B78A-62F8673F45D9} = {7881B112-7843-4542-B1F7-F99553FB9BB7}
		{5422ED35-2808-4790-B5E6-C86A383B2874} = {7881B112-7843-4542-B1F7-F99553FB9BB7}
		{5979DBFD-8471-4DF5-A0FD-96F6768205AA} = {7881B112-7843-4542-B1F7-F99553FB9BB7}
		{83235353-0D04-4028-82B2-81116E7361DA} = {7881B112-7843-4542-B1F7-F99553FB9BB7}
		{C2B83AF5-80F6-4B8C-8628-FA7DE10C3BB5} = {7881B112-7843-4542-B1F7-F99553FB9BB7}
		{446FED73-BCA1-4D8F-BC13-EA1507C7EF29} = {7881B112-7843-4542-B1F7-F99553FB9BB7}
		{6DF00C56-EC49-4AB8-8B29-404E3694026C} = {7881B112-7843-4542-B1F7-F99553FB9BB7}
		{06C88D0B-A276-4D3D-8BE5-7C58BF3072E3} = {7881B112-7843-4542-B1F7-F99553FB9BB7}
		{560768D4-7E1D-4431-99F0-CC14C255E167} = {7881B112-7843-4542-B1F7-F99553FB9BB7}
		{493761CB-5190-4283-8C6C-A8CEB5450CAB} = {7881B112-7843-4542-B1F7-F99553FB9BB7}
		{4C0C889A-A3B2-43FA-824A-F529402C1BBF} = {7881B112-7843-4542-B1F7-F99553FB9BB7}
		{77CF4A76-430B-403F-8D86-BA9D2F2320D7} = {7881B112-7843-4542-B1F7-F99553FB9BB7}
		{FBAAE193-A988-4863-9559-C36A022D0A91} = {7881B112-7843-4542-B1F7-F99553FB9BB7}
		{9562412E-9EDE-48A8-8033-A1304AEF7428} = {7881B112-7843-4542-B1F7-F99553FB9BB7}
		{9EAE3D41-776D-457E-95C7-D3F550C89455} = {7881B112-7843-4542-B1F7-F99553FB9BB7}
		{7FAEB355-49B3-4EF0-BBC3-3B5D1C5BB6C3} = {7881B112-7843-4542-B1F7-F99553FB9BB7}
		{B545F62B-9160-4746-B450-D7B37804EAA6} = {7881B112-7843-4542-B1F7-F99553FB9BB7}
		{49613FB2-E873-42A8-BE4E-A9606D418983} = {7881B112-7843-4542-B1F7-F99553FB9BB7}
		{11C477F4-4633-4A90-A534-8499C9120A4E} = {7881B112-7843-4542-B1F7-F99553FB9BB7}
		{81FFE6A4-9D8B-456F-8173-55518FD1FB1A} = {7881B112-7843-4542-B1F7-F99553FB9BB7}
		{EA88FFD4-F8AD-4015-AC7B-BD41789F51C9} = {7881B112-7843-4542-B1F7-F99553FB9BB7}
		{95013283-1927-4881-A02A-8632D721CAC8} = {7881B112-7843-4542-B1F7-F99553FB9BB7}
		{E126857C-58D7-4219-8E14-3B259C173627} = {7881B112-7843-4542-B1F7-F99553FB9BB7}
		{8F57EFCF-AAB0-4078-855B-D4F23AC5443B} = {7881B112-7843-4542-B1F7-F99553FB9BB7}
		{C0AC957F-89BA-4BE6-90DF-78FE1274378D} = {7881B112-7843-4542-B1F7-F99553FB9BB7}
		{EA9C34F7-D21E-4472-AEF1-2A95F09A0929} = {7881B112-7843-4542-B1F7-F99553FB9BB7}
		{C5CF77DF-14EC-42C8-A925-7715A02185F5} = {7881B112-7843-4542-B1F7-F99553FB9BB7}
		{1B8FE8B3-52E0-4E02-8F9E-B2B7730BB345} = {7881B112-7843-4542-B1F7-F99553FB9BB7}
		{39FEFAC0-6749-4B9D-976B-59F077215E10} = {7881B112-7843-4542-B1F7-F99553FB9BB7}
		{19442662-61AC-41C5-80C1-09F2196B4985} = {7881B112-7843-4542-B1F7-F99553FB9BB7}
		{15C7D0A2-2C20-49DF-B795-3ED1AEDC1A19} = {7881B112-7843-4542-B1F7-F99553FB9BB7}
		{0E6FC537-4FB5-4784-A03C-D21D6352AD87} = {7881B112-7843-4542-B1F7-F99553FB9BB7}
		{F74F6A52-87B5-489A-8C13-1CF6C5E07440} = {7881B112-7843-4542-B1F7-F99553FB9BB7}
		{B1A731D8-685F-46D8-BD60-3F81B00B5590} = {7881B112-7843-4542-B1F7-F99553FB9BB7}
		{DC717A77-04F1-4CF6-96FD-9A98C534807D} = {7881B112-7843-4542-B1F7-F99553FB9BB7}
		{07D89F10-0316-4A28-AB9D-6DF4B640CE30} = {7881B112-7843-4542-B1F7-F99553FB9BB7}
		{6BA2DD0F-3408-4A77-8418-BB4794EDE0F4} = {7881B112-7843-4542-B1F7-F99553FB9BB7}
		{C91CD2ED-4BC2-4663-B169-63749557CE99} = {7881B112-7843-4542-B1F7-F99553FB9BB7}
		{C158552E-BDB1-4170-89D8-9AE86664E8BA} = {7881B112-7843-4542-B1F7-F99553FB9BB7}
		{99FC74BC-9517-448B-BE69-B37FC88CB547} = {7881B112-7843-4542-B1F7-F99553FB9BB7}
		{5ADC3FB5-C1A4-4463-B872-F8BD240CDB1D} = {7881B112-7843-4542-B1F7-F99553FB9BB7}
		{53719BFE-E11D-4B4C-9606-DE01DDF38E88} = {7881B112-7843-4542-B1F7-F99553FB9BB7}
		{6128075D-10EB-4A58-9A40-8A0B6F6BBC72} = {7881B112-7843-4542-B1F7-F99553FB9BB7}
		{2B6CF3B0-1C89-42F6-81DB-1E5703ED4F61} = {7881B112-7843-4542-B1F7-F99553FB9BB7}
		{6F87443A-BB93-41F7-A12C-3D63FEDE3CA4} = {7881B112-7843-4542-B1F7-F99553FB9BB7}
		{AEC4E2CF-8A8D-475C-85C6-1CB268FF6A43} = {7881B112-7843-4542-B1F7-F99553FB9BB7}
		{CAA0042C-958A-4C3F-A270-A6842A4DA5E4} = {7881B112-7843-4542-B1F7-F99553FB9BB7}
		{288115BA-6795-4584-A37F-9958CFF40F5F} = {7881B112-7843-4542-B1F7-F99553FB9BB7}
		{834E3EC1-74CB-45C0-A659-E42F0788C4F4} = {7881B112-7843-4542-B1F7-F99553FB9BB7}
		{74904C17-4BB8-45BD-8364-1B0F5EAE44BC} = {7881B112-7843-4542-B1F7-F99553FB9BB7}
		{37309487-1EFD-4652-BC3E-3896BDB82EBB} = {7881B112-7843-4542-B1F7-F99553FB9BB7}
		{E9946EB2-C9DE-4F24-9644-BCEF32AA8355} = {7881B112-7843-4542-B1F7-F99553FB9BB7}
		{3445776F-7456-462C-8A6C-909CDC7A8F0D} = {7881B112-7843-4542-B1F7-F99553FB9BB7}
		{5E7FD329-E8EF-432E-AC48-B1C5B0C56F13} = {7881B112-7843-4542-B1F7-F99553FB9BB7}
	EndGlobalSection
	GlobalSection(ExtensibilityGlobals) = postSolution
		SolutionGuid = {EE72A8B2-332A-4175-9319-6726D36E9D25}
	EndGlobalSection
	GlobalSection(NDepend) = preSolution
		Project = ".\NopCommerce.ndproj"
	EndGlobalSection
EndGlobal
